// !$*UTF8*$!
{
	archiveVersion = 1;
	classes = {
	};
	objectVersion = 56;
	objects = {

/* Begin PBXBuildFile section */
		4B2D81AF2A94A9FA00558031 /* View+Extensions.swift in Sources */ = {isa = PBXBuildFile; fileRef = 4B2D81AE2A94A9FA00558031 /* View+Extensions.swift */; };
		4B2D81B12A94AA1900558031 /* Color+HEX.swift in Sources */ = {isa = PBXBuildFile; fileRef = 4B2D81B02A94AA1900558031 /* Color+HEX.swift */; };
		4B2D81B72A94AA3E00558031 /* Inter-Bold.otf in Resources */ = {isa = PBXBuildFile; fileRef = 4B2D81B22A94AA3E00558031 /* Inter-Bold.otf */; };
		4B2D81B82A94AA3E00558031 /* Inter-SemiBold.otf in Resources */ = {isa = PBXBuildFile; fileRef = 4B2D81B32A94AA3E00558031 /* Inter-SemiBold.otf */; };
		4B2D81B92A94AA3E00558031 /* Inter-Regular.otf in Resources */ = {isa = PBXBuildFile; fileRef = 4B2D81B42A94AA3E00558031 /* Inter-Regular.otf */; };
		4B2D81BA2A94AA3E00558031 /* Inter-Light.otf in Resources */ = {isa = PBXBuildFile; fileRef = 4B2D81B52A94AA3E00558031 /* Inter-Light.otf */; };
		4B2D81BB2A94AA3E00558031 /* Inter-Medium.otf in Resources */ = {isa = PBXBuildFile; fileRef = 4B2D81B62A94AA3E00558031 /* Inter-Medium.otf */; };
		4B2D81BD2A94AA6F00558031 /* Typography.swift in Sources */ = {isa = PBXBuildFile; fileRef = 4B2D81BC2A94AA6F00558031 /* Typography.swift */; };
		4B2D81BF2A94AA9B00558031 /* ButtonStyles.swift in Sources */ = {isa = PBXBuildFile; fileRef = 4B2D81BE2A94AA9B00558031 /* ButtonStyles.swift */; };
		4B2D81C12A94AAE800558031 /* MapView.swift in Sources */ = {isa = PBXBuildFile; fileRef = 4B2D81C02A94AAE800558031 /* MapView.swift */; };
		4B2D81C42A94ABA900558031 /* NavigationController.swift in Sources */ = {isa = PBXBuildFile; fileRef = 4B2D81C32A94ABA900558031 /* NavigationController.swift */; };
		4B2D81C72A94B18E00558031 /* Swinject in Frameworks */ = {isa = PBXBuildFile; productRef = 4B2D81C62A94B18E00558031 /* Swinject */; };
		4B2D81CD2A94B6BB00558031 /* LocationService.swift in Sources */ = {isa = PBXBuildFile; fileRef = 4B2D81CC2A94B6BB00558031 /* LocationService.swift */; };
		4B2D81D02A94B7C200558031 /* Walk.swift in Sources */ = {isa = PBXBuildFile; fileRef = 4B2D81CF2A94B7C200558031 /* Walk.swift */; };
		4B2D81D42A94DDA000558031 /* Location.swift in Sources */ = {isa = PBXBuildFile; fileRef = 4B2D81D32A94DDA000558031 /* Location.swift */; };
		4B2D81D62A94E57400558031 /* ActiveWalkService.swift in Sources */ = {isa = PBXBuildFile; fileRef = 4B2D81D52A94E57400558031 /* ActiveWalkService.swift */; };
		4B2D82132A94F53800558031 /* Persistance.swift in Sources */ = {isa = PBXBuildFile; fileRef = 4B2D82122A94F53800558031 /* Persistance.swift */; };
		4B2D82162A94F5F000558031 /* WalkCoreData+CoreDataClass.swift in Sources */ = {isa = PBXBuildFile; fileRef = 4B2D82142A94F5F000558031 /* WalkCoreData+CoreDataClass.swift */; };
		4B2D82172A94F5F000558031 /* WalkCoreData+CoreDataProperties.swift in Sources */ = {isa = PBXBuildFile; fileRef = 4B2D82152A94F5F000558031 /* WalkCoreData+CoreDataProperties.swift */; };
		4B2D82192A94F77A00558031 /* TestScreen.swift in Sources */ = {isa = PBXBuildFile; fileRef = 4B2D82182A94F77A00558031 /* TestScreen.swift */; };
		4B2D821D2A94FFAF00558031 /* WalksDao.swift in Sources */ = {isa = PBXBuildFile; fileRef = 4B2D821C2A94FFAF00558031 /* WalksDao.swift */; };
		4B2D821F2A95058500558031 /* WalksRepository.swift in Sources */ = {isa = PBXBuildFile; fileRef = 4B2D821E2A95058500558031 /* WalksRepository.swift */; };
		4B9F4BA42A93FF9700E8ECB5 /* saiApp.swift in Sources */ = {isa = PBXBuildFile; fileRef = 4B9F4BA32A93FF9700E8ECB5 /* saiApp.swift */; };
		4B9F4BA62A93FF9700E8ECB5 /* ContentView.swift in Sources */ = {isa = PBXBuildFile; fileRef = 4B9F4BA52A93FF9700E8ECB5 /* ContentView.swift */; };
		4B9F4BA82A93FF9900E8ECB5 /* Assets.xcassets in Resources */ = {isa = PBXBuildFile; fileRef = 4B9F4BA72A93FF9900E8ECB5 /* Assets.xcassets */; };
		4B9F4BAB2A93FF9900E8ECB5 /* Preview Assets.xcassets in Resources */ = {isa = PBXBuildFile; fileRef = 4B9F4BAA2A93FF9900E8ECB5 /* Preview Assets.xcassets */; };
		4B9F4BB02A93FF9900E8ECB5 /* sai.xcdatamodeld in Sources */ = {isa = PBXBuildFile; fileRef = 4B9F4BAE2A93FF9900E8ECB5 /* sai.xcdatamodeld */; };
/* End PBXBuildFile section */

/* Begin PBXFileReference section */
		4B2D81A92A94A8E200558031 /* Info.plist */ = {isa = PBXFileReference; lastKnownFileType = text.plist; path = Info.plist; sourceTree = "<group>"; };
		4B2D81AE2A94A9FA00558031 /* View+Extensions.swift */ = {isa = PBXFileReference; lastKnownFileType = sourcecode.swift; path = "View+Extensions.swift"; sourceTree = "<group>"; };
		4B2D81B02A94AA1900558031 /* Color+HEX.swift */ = {isa = PBXFileReference; lastKnownFileType = sourcecode.swift; path = "Color+HEX.swift"; sourceTree = "<group>"; };
		4B2D81B22A94AA3E00558031 /* Inter-Bold.otf */ = {isa = PBXFileReference; lastKnownFileType = file; path = "Inter-Bold.otf"; sourceTree = "<group>"; };
		4B2D81B32A94AA3E00558031 /* Inter-SemiBold.otf */ = {isa = PBXFileReference; lastKnownFileType = file; path = "Inter-SemiBold.otf"; sourceTree = "<group>"; };
		4B2D81B42A94AA3E00558031 /* Inter-Regular.otf */ = {isa = PBXFileReference; lastKnownFileType = file; path = "Inter-Regular.otf"; sourceTree = "<group>"; };
		4B2D81B52A94AA3E00558031 /* Inter-Light.otf */ = {isa = PBXFileReference; lastKnownFileType = file; path = "Inter-Light.otf"; sourceTree = "<group>"; };
		4B2D81B62A94AA3E00558031 /* Inter-Medium.otf */ = {isa = PBXFileReference; lastKnownFileType = file; path = "Inter-Medium.otf"; sourceTree = "<group>"; };
		4B2D81BC2A94AA6F00558031 /* Typography.swift */ = {isa = PBXFileReference; lastKnownFileType = sourcecode.swift; path = Typography.swift; sourceTree = "<group>"; };
		4B2D81BE2A94AA9B00558031 /* ButtonStyles.swift */ = {isa = PBXFileReference; lastKnownFileType = sourcecode.swift; path = ButtonStyles.swift; sourceTree = "<group>"; };
		4B2D81C02A94AAE800558031 /* MapView.swift */ = {isa = PBXFileReference; lastKnownFileType = sourcecode.swift; path = MapView.swift; sourceTree = "<group>"; };
		4B2D81C32A94ABA900558031 /* NavigationController.swift */ = {isa = PBXFileReference; lastKnownFileType = sourcecode.swift; path = NavigationController.swift; sourceTree = "<group>"; };
		4B2D81CC2A94B6BB00558031 /* LocationService.swift */ = {isa = PBXFileReference; lastKnownFileType = sourcecode.swift; path = LocationService.swift; sourceTree = "<group>"; };
		4B2D81CF2A94B7C200558031 /* Walk.swift */ = {isa = PBXFileReference; lastKnownFileType = sourcecode.swift; path = Walk.swift; sourceTree = "<group>"; };
		4B2D81D32A94DDA000558031 /* Location.swift */ = {isa = PBXFileReference; lastKnownFileType = sourcecode.swift; path = Location.swift; sourceTree = "<group>"; };
		4B2D81D52A94E57400558031 /* ActiveWalkService.swift */ = {isa = PBXFileReference; lastKnownFileType = sourcecode.swift; path = ActiveWalkService.swift; sourceTree = "<group>"; };
		4B2D82122A94F53800558031 /* Persistance.swift */ = {isa = PBXFileReference; lastKnownFileType = sourcecode.swift; path = Persistance.swift; sourceTree = "<group>"; };
		4B2D82142A94F5F000558031 /* WalkCoreData+CoreDataClass.swift */ = {isa = PBXFileReference; lastKnownFileType = sourcecode.swift; name = "WalkCoreData+CoreDataClass.swift"; path = "sai/WalkCoreData+CoreDataClass.swift"; sourceTree = "<group>"; };
		4B2D82152A94F5F000558031 /* WalkCoreData+CoreDataProperties.swift */ = {isa = PBXFileReference; lastKnownFileType = sourcecode.swift; name = "WalkCoreData+CoreDataProperties.swift"; path = "sai/WalkCoreData+CoreDataProperties.swift"; sourceTree = "<group>"; };
		4B2D82182A94F77A00558031 /* TestScreen.swift */ = {isa = PBXFileReference; lastKnownFileType = sourcecode.swift; path = TestScreen.swift; sourceTree = "<group>"; };
		4B2D821C2A94FFAF00558031 /* WalksDao.swift */ = {isa = PBXFileReference; lastKnownFileType = sourcecode.swift; path = WalksDao.swift; sourceTree = "<group>"; };
		4B2D821E2A95058500558031 /* WalksRepository.swift */ = {isa = PBXFileReference; lastKnownFileType = sourcecode.swift; path = WalksRepository.swift; sourceTree = "<group>"; };
		4B9F4BA02A93FF9700E8ECB5 /* sai.app */ = {isa = PBXFileReference; explicitFileType = wrapper.application; includeInIndex = 0; path = sai.app; sourceTree = BUILT_PRODUCTS_DIR; };
		4B9F4BA32A93FF9700E8ECB5 /* saiApp.swift */ = {isa = PBXFileReference; lastKnownFileType = sourcecode.swift; path = saiApp.swift; sourceTree = "<group>"; };
		4B9F4BA52A93FF9700E8ECB5 /* ContentView.swift */ = {isa = PBXFileReference; lastKnownFileType = sourcecode.swift; path = ContentView.swift; sourceTree = "<group>"; };
		4B9F4BA72A93FF9900E8ECB5 /* Assets.xcassets */ = {isa = PBXFileReference; lastKnownFileType = folder.assetcatalog; path = Assets.xcassets; sourceTree = "<group>"; };
		4B9F4BAA2A93FF9900E8ECB5 /* Preview Assets.xcassets */ = {isa = PBXFileReference; lastKnownFileType = folder.assetcatalog; path = "Preview Assets.xcassets"; sourceTree = "<group>"; };
		4B9F4BAF2A93FF9900E8ECB5 /* sai.xcdatamodel */ = {isa = PBXFileReference; lastKnownFileType = wrapper.xcdatamodel; path = sai.xcdatamodel; sourceTree = "<group>"; };
/* End PBXFileReference section */

/* Begin PBXFrameworksBuildPhase section */
		4B9F4B9D2A93FF9700E8ECB5 /* Frameworks */ = {
			isa = PBXFrameworksBuildPhase;
			buildActionMask = 2147483647;
			files = (
				4B2D81C72A94B18E00558031 /* Swinject in Frameworks */,
			);
			runOnlyForDeploymentPostprocessing = 0;
		};
/* End PBXFrameworksBuildPhase section */

/* Begin PBXGroup section */
		4B2D81AA2A94A9D800558031 /* Extensions */ = {
			isa = PBXGroup;
			children = (
				4B2D81AE2A94A9FA00558031 /* View+Extensions.swift */,
				4B2D81B02A94AA1900558031 /* Color+HEX.swift */,
			);
			path = Extensions;
			sourceTree = "<group>";
		};
		4B2D81AB2A94A9DF00558031 /* Fonts */ = {
			isa = PBXGroup;
			children = (
				4B2D81B22A94AA3E00558031 /* Inter-Bold.otf */,
				4B2D81B52A94AA3E00558031 /* Inter-Light.otf */,
				4B2D81B62A94AA3E00558031 /* Inter-Medium.otf */,
				4B2D81B42A94AA3E00558031 /* Inter-Regular.otf */,
				4B2D81B32A94AA3E00558031 /* Inter-SemiBold.otf */,
			);
			path = Fonts;
			sourceTree = "<group>";
		};
		4B2D81AC2A94A9E600558031 /* Components */ = {
			isa = PBXGroup;
			children = (
				4B2D81BC2A94AA6F00558031 /* Typography.swift */,
				4B2D81BE2A94AA9B00558031 /* ButtonStyles.swift */,
				4B2D81C02A94AAE800558031 /* MapView.swift */,
			);
			path = Components;
			sourceTree = "<group>";
		};
		4B2D81AD2A94A9ED00558031 /* Screens */ = {
			isa = PBXGroup;
			children = (
				4B2D82182A94F77A00558031 /* TestScreen.swift */,
			);
			path = Screens;
			sourceTree = "<group>";
		};
		4B2D81C22A94AB9400558031 /* Navigation */ = {
			isa = PBXGroup;
			children = (
				4B2D81C32A94ABA900558031 /* NavigationController.swift */,
			);
			path = Navigation;
			sourceTree = "<group>";
		};
		4B2D81C82A94B19700558031 /* Utils */ = {
			isa = PBXGroup;
			children = (
			);
			path = Utils;
			sourceTree = "<group>";
		};
		4B2D81CB2A94B6AE00558031 /* Services */ = {
			isa = PBXGroup;
			children = (
				4B2D81CC2A94B6BB00558031 /* LocationService.swift */,
				4B2D81D52A94E57400558031 /* ActiveWalkService.swift */,
				4B2D82122A94F53800558031 /* Persistance.swift */,
			);
			path = Services;
			sourceTree = "<group>";
		};
		4B2D81CE2A94B7B400558031 /* Models */ = {
			isa = PBXGroup;
			children = (
				4B2D81CF2A94B7C200558031 /* Walk.swift */,
				4B2D81D32A94DDA000558031 /* Location.swift */,
			);
			path = Models;
			sourceTree = "<group>";
		};
		4B2D821A2A94FF9400558031 /* Dao */ = {
			isa = PBXGroup;
			children = (
				4B2D821C2A94FFAF00558031 /* WalksDao.swift */,
			);
			path = Dao;
			sourceTree = "<group>";
		};
		4B2D821B2A94FF9800558031 /* Repositories */ = {
			isa = PBXGroup;
			children = (
				4B2D821E2A95058500558031 /* WalksRepository.swift */,
			);
			path = Repositories;
			sourceTree = "<group>";
		};
		4B9F4B972A93FF9700E8ECB5 = {
			isa = PBXGroup;
			children = (
				4B2D82142A94F5F000558031 /* WalkCoreData+CoreDataClass.swift */,
				4B2D82152A94F5F000558031 /* WalkCoreData+CoreDataProperties.swift */,
				4B9F4BA22A93FF9700E8ECB5 /* sai */,
				4B9F4BA12A93FF9700E8ECB5 /* Products */,
			);
			sourceTree = "<group>";
		};
		4B9F4BA12A93FF9700E8ECB5 /* Products */ = {
			isa = PBXGroup;
			children = (
				4B9F4BA02A93FF9700E8ECB5 /* sai.app */,
			);
			name = Products;
			sourceTree = "<group>";
		};
		4B9F4BA22A93FF9700E8ECB5 /* sai */ = {
			isa = PBXGroup;
			children = (
				4B2D821B2A94FF9800558031 /* Repositories */,
				4B2D821A2A94FF9400558031 /* Dao */,
				4B2D81CE2A94B7B400558031 /* Models */,
				4B2D81CB2A94B6AE00558031 /* Services */,
				4B2D81C82A94B19700558031 /* Utils */,
				4B2D81C22A94AB9400558031 /* Navigation */,
				4B2D81AD2A94A9ED00558031 /* Screens */,
				4B2D81AC2A94A9E600558031 /* Components */,
				4B2D81AB2A94A9DF00558031 /* Fonts */,
				4B2D81AA2A94A9D800558031 /* Extensions */,
				4B2D81A92A94A8E200558031 /* Info.plist */,
				4B9F4BA32A93FF9700E8ECB5 /* saiApp.swift */,
				4B9F4BA52A93FF9700E8ECB5 /* ContentView.swift */,
				4B9F4BA72A93FF9900E8ECB5 /* Assets.xcassets */,
				4B9F4BAE2A93FF9900E8ECB5 /* sai.xcdatamodeld */,
				4B9F4BA92A93FF9900E8ECB5 /* Preview Content */,
			);
			path = sai;
			sourceTree = "<group>";
		};
		4B9F4BA92A93FF9900E8ECB5 /* Preview Content */ = {
			isa = PBXGroup;
			children = (
				4B9F4BAA2A93FF9900E8ECB5 /* Preview Assets.xcassets */,
			);
			path = "Preview Content";
			sourceTree = "<group>";
		};
/* End PBXGroup section */

/* Begin PBXNativeTarget section */
		4B9F4B9F2A93FF9700E8ECB5 /* sai */ = {
			isa = PBXNativeTarget;
			buildConfigurationList = 4B9F4BB32A93FF9900E8ECB5 /* Build configuration list for PBXNativeTarget "sai" */;
			buildPhases = (
				4B9F4B9C2A93FF9700E8ECB5 /* Sources */,
				4B9F4B9D2A93FF9700E8ECB5 /* Frameworks */,
				4B9F4B9E2A93FF9700E8ECB5 /* Resources */,
			);
			buildRules = (
			);
			dependencies = (
			);
			name = sai;
			packageProductDependencies = (
				4B2D81C62A94B18E00558031 /* Swinject */,
			);
			productName = sai;
			productReference = 4B9F4BA02A93FF9700E8ECB5 /* sai.app */;
			productType = "com.apple.product-type.application";
		};
/* End PBXNativeTarget section */

/* Begin PBXProject section */
		4B9F4B982A93FF9700E8ECB5 /* Project object */ = {
			isa = PBXProject;
			attributes = {
				BuildIndependentTargetsInParallel = 1;
				LastSwiftUpdateCheck = 1430;
				LastUpgradeCheck = 1430;
				TargetAttributes = {
					4B9F4B9F2A93FF9700E8ECB5 = {
						CreatedOnToolsVersion = 14.3.1;
					};
				};
			};
			buildConfigurationList = 4B9F4B9B2A93FF9700E8ECB5 /* Build configuration list for PBXProject "sai" */;
			compatibilityVersion = "Xcode 14.0";
			developmentRegion = en;
			hasScannedForEncodings = 0;
			knownRegions = (
				en,
				Base,
			);
			mainGroup = 4B9F4B972A93FF9700E8ECB5;
			packageReferences = (
				4B2D81C52A94B18E00558031 /* XCRemoteSwiftPackageReference "Swinject" */,
			);
			productRefGroup = 4B9F4BA12A93FF9700E8ECB5 /* Products */;
			projectDirPath = "";
			projectRoot = "";
			targets = (
				4B9F4B9F2A93FF9700E8ECB5 /* sai */,
			);
		};
/* End PBXProject section */

/* Begin PBXResourcesBuildPhase section */
		4B9F4B9E2A93FF9700E8ECB5 /* Resources */ = {
			isa = PBXResourcesBuildPhase;
			buildActionMask = 2147483647;
			files = (
				4B2D81BB2A94AA3E00558031 /* Inter-Medium.otf in Resources */,
				4B9F4BAB2A93FF9900E8ECB5 /* Preview Assets.xcassets in Resources */,
				4B2D81BA2A94AA3E00558031 /* Inter-Light.otf in Resources */,
				4B2D81B92A94AA3E00558031 /* Inter-Regular.otf in Resources */,
				4B9F4BA82A93FF9900E8ECB5 /* Assets.xcassets in Resources */,
				4B2D81B72A94AA3E00558031 /* Inter-Bold.otf in Resources */,
				4B2D81B82A94AA3E00558031 /* Inter-SemiBold.otf in Resources */,
			);
			runOnlyForDeploymentPostprocessing = 0;
		};
/* End PBXResourcesBuildPhase section */

/* Begin PBXSourcesBuildPhase section */
		4B9F4B9C2A93FF9700E8ECB5 /* Sources */ = {
			isa = PBXSourcesBuildPhase;
			buildActionMask = 2147483647;
			files = (
				4B2D81B12A94AA1900558031 /* Color+HEX.swift in Sources */,
				4B2D82172A94F5F000558031 /* WalkCoreData+CoreDataProperties.swift in Sources */,
				4B2D81C12A94AAE800558031 /* MapView.swift in Sources */,
				4B2D82192A94F77A00558031 /* TestScreen.swift in Sources */,
				4B2D82162A94F5F000558031 /* WalkCoreData+CoreDataClass.swift in Sources */,
				4B9F4BB02A93FF9900E8ECB5 /* sai.xcdatamodeld in Sources */,
				4B9F4BA62A93FF9700E8ECB5 /* ContentView.swift in Sources */,
				4B2D81D02A94B7C200558031 /* Walk.swift in Sources */,
				4B2D82132A94F53800558031 /* Persistance.swift in Sources */,
				4B2D81C42A94ABA900558031 /* NavigationController.swift in Sources */,
				4B2D81D42A94DDA000558031 /* Location.swift in Sources */,
				4B2D81CD2A94B6BB00558031 /* LocationService.swift in Sources */,
				4B2D81AF2A94A9FA00558031 /* View+Extensions.swift in Sources */,
				4B2D821D2A94FFAF00558031 /* WalksDao.swift in Sources */,
				4B2D81D62A94E57400558031 /* ActiveWalkService.swift in Sources */,
				4B2D81BF2A94AA9B00558031 /* ButtonStyles.swift in Sources */,
				4B2D81BD2A94AA6F00558031 /* Typography.swift in Sources */,
				4B2D821F2A95058500558031 /* WalksRepository.swift in Sources */,
				4B9F4BA42A93FF9700E8ECB5 /* saiApp.swift in Sources */,
			);
			runOnlyForDeploymentPostprocessing = 0;
		};
/* End PBXSourcesBuildPhase section */

/* Begin XCBuildConfiguration section */
		4B9F4BB12A93FF9900E8ECB5 /* Debug */ = {
			isa = XCBuildConfiguration;
			buildSettings = {
				ALWAYS_SEARCH_USER_PATHS = NO;
				CLANG_ANALYZER_NONNULL = YES;
				CLANG_ANALYZER_NUMBER_OBJECT_CONVERSION = YES_AGGRESSIVE;
				CLANG_CXX_LANGUAGE_STANDARD = "gnu++20";
				CLANG_ENABLE_MODULES = YES;
				CLANG_ENABLE_OBJC_ARC = YES;
				CLANG_ENABLE_OBJC_WEAK = YES;
				CLANG_WARN_BLOCK_CAPTURE_AUTORELEASING = YES;
				CLANG_WARN_BOOL_CONVERSION = YES;
				CLANG_WARN_COMMA = YES;
				CLANG_WARN_CONSTANT_CONVERSION = YES;
				CLANG_WARN_DEPRECATED_OBJC_IMPLEMENTATIONS = YES;
				CLANG_WARN_DIRECT_OBJC_ISA_USAGE = YES_ERROR;
				CLANG_WARN_DOCUMENTATION_COMMENTS = YES;
				CLANG_WARN_EMPTY_BODY = YES;
				CLANG_WARN_ENUM_CONVERSION = YES;
				CLANG_WARN_INFINITE_RECURSION = YES;
				CLANG_WARN_INT_CONVERSION = YES;
				CLANG_WARN_NON_LITERAL_NULL_CONVERSION = YES;
				CLANG_WARN_OBJC_IMPLICIT_RETAIN_SELF = YES;
				CLANG_WARN_OBJC_LITERAL_CONVERSION = YES;
				CLANG_WARN_OBJC_ROOT_CLASS = YES_ERROR;
				CLANG_WARN_QUOTED_INCLUDE_IN_FRAMEWORK_HEADER = YES;
				CLANG_WARN_RANGE_LOOP_ANALYSIS = YES;
				CLANG_WARN_STRICT_PROTOTYPES = YES;
				CLANG_WARN_SUSPICIOUS_MOVE = YES;
				CLANG_WARN_UNGUARDED_AVAILABILITY = YES_AGGRESSIVE;
				CLANG_WARN_UNREACHABLE_CODE = YES;
				CLANG_WARN__DUPLICATE_METHOD_MATCH = YES;
				COPY_PHASE_STRIP = NO;
				DEBUG_INFORMATION_FORMAT = dwarf;
				ENABLE_STRICT_OBJC_MSGSEND = YES;
				ENABLE_TESTABILITY = YES;
				GCC_C_LANGUAGE_STANDARD = gnu11;
				GCC_DYNAMIC_NO_PIC = NO;
				GCC_NO_COMMON_BLOCKS = YES;
				GCC_OPTIMIZATION_LEVEL = 0;
				GCC_PREPROCESSOR_DEFINITIONS = (
					"DEBUG=1",
					"$(inherited)",
				);
				GCC_WARN_64_TO_32_BIT_CONVERSION = YES;
				GCC_WARN_ABOUT_RETURN_TYPE = YES_ERROR;
				GCC_WARN_UNDECLARED_SELECTOR = YES;
				GCC_WARN_UNINITIALIZED_AUTOS = YES_AGGRESSIVE;
				GCC_WARN_UNUSED_FUNCTION = YES;
				GCC_WARN_UNUSED_VARIABLE = YES;
				IPHONEOS_DEPLOYMENT_TARGET = 16.4;
				MTL_ENABLE_DEBUG_INFO = INCLUDE_SOURCE;
				MTL_FAST_MATH = YES;
				ONLY_ACTIVE_ARCH = YES;
				SDKROOT = iphoneos;
				SWIFT_ACTIVE_COMPILATION_CONDITIONS = DEBUG;
				SWIFT_OPTIMIZATION_LEVEL = "-Onone";
			};
			name = Debug;
		};
		4B9F4BB22A93FF9900E8ECB5 /* Release */ = {
			isa = XCBuildConfiguration;
			buildSettings = {
				ALWAYS_SEARCH_USER_PATHS = NO;
				CLANG_ANALYZER_NONNULL = YES;
				CLANG_ANALYZER_NUMBER_OBJECT_CONVERSION = YES_AGGRESSIVE;
				CLANG_CXX_LANGUAGE_STANDARD = "gnu++20";
				CLANG_ENABLE_MODULES = YES;
				CLANG_ENABLE_OBJC_ARC = YES;
				CLANG_ENABLE_OBJC_WEAK = YES;
				CLANG_WARN_BLOCK_CAPTURE_AUTORELEASING = YES;
				CLANG_WARN_BOOL_CONVERSION = YES;
				CLANG_WARN_COMMA = YES;
				CLANG_WARN_CONSTANT_CONVERSION = YES;
				CLANG_WARN_DEPRECATED_OBJC_IMPLEMENTATIONS = YES;
				CLANG_WARN_DIRECT_OBJC_ISA_USAGE = YES_ERROR;
				CLANG_WARN_DOCUMENTATION_COMMENTS = YES;
				CLANG_WARN_EMPTY_BODY = YES;
				CLANG_WARN_ENUM_CONVERSION = YES;
				CLANG_WARN_INFINITE_RECURSION = YES;
				CLANG_WARN_INT_CONVERSION = YES;
				CLANG_WARN_NON_LITERAL_NULL_CONVERSION = YES;
				CLANG_WARN_OBJC_IMPLICIT_RETAIN_SELF = YES;
				CLANG_WARN_OBJC_LITERAL_CONVERSION = YES;
				CLANG_WARN_OBJC_ROOT_CLASS = YES_ERROR;
				CLANG_WARN_QUOTED_INCLUDE_IN_FRAMEWORK_HEADER = YES;
				CLANG_WARN_RANGE_LOOP_ANALYSIS = YES;
				CLANG_WARN_STRICT_PROTOTYPES = YES;
				CLANG_WARN_SUSPICIOUS_MOVE = YES;
				CLANG_WARN_UNGUARDED_AVAILABILITY = YES_AGGRESSIVE;
				CLANG_WARN_UNREACHABLE_CODE = YES;
				CLANG_WARN__DUPLICATE_METHOD_MATCH = YES;
				COPY_PHASE_STRIP = NO;
				DEBUG_INFORMATION_FORMAT = "dwarf-with-dsym";
				ENABLE_NS_ASSERTIONS = NO;
				ENABLE_STRICT_OBJC_MSGSEND = YES;
				GCC_C_LANGUAGE_STANDARD = gnu11;
				GCC_NO_COMMON_BLOCKS = YES;
				GCC_WARN_64_TO_32_BIT_CONVERSION = YES;
				GCC_WARN_ABOUT_RETURN_TYPE = YES_ERROR;
				GCC_WARN_UNDECLARED_SELECTOR = YES;
				GCC_WARN_UNINITIALIZED_AUTOS = YES_AGGRESSIVE;
				GCC_WARN_UNUSED_FUNCTION = YES;
				GCC_WARN_UNUSED_VARIABLE = YES;
				IPHONEOS_DEPLOYMENT_TARGET = 16.4;
				MTL_ENABLE_DEBUG_INFO = NO;
				MTL_FAST_MATH = YES;
				SDKROOT = iphoneos;
				SWIFT_COMPILATION_MODE = wholemodule;
				SWIFT_OPTIMIZATION_LEVEL = "-O";
				VALIDATE_PRODUCT = YES;
			};
			name = Release;
		};
		4B9F4BB42A93FF9900E8ECB5 /* Debug */ = {
			isa = XCBuildConfiguration;
			buildSettings = {
				ASSETCATALOG_COMPILER_APPICON_NAME = AppIcon;
				ASSETCATALOG_COMPILER_GLOBAL_ACCENT_COLOR_NAME = AccentColor;
				CODE_SIGN_STYLE = Automatic;
				CURRENT_PROJECT_VERSION = 1;
				DEVELOPMENT_ASSET_PATHS = "\"sai/Preview Content\"";
				ENABLE_PREVIEWS = YES;
				GENERATE_INFOPLIST_FILE = YES;
				INFOPLIST_FILE = sai/Info.plist;
				INFOPLIST_KEY_NSLocationAlwaysAndWhenInUseUsageDescription = "To track your walkings";
				INFOPLIST_KEY_NSLocationWhenInUseUsageDescription = "To track your walkings";
				INFOPLIST_KEY_UIApplicationSceneManifest_Generation = YES;
				INFOPLIST_KEY_UIApplicationSupportsIndirectInputEvents = YES;
				INFOPLIST_KEY_UILaunchScreen_Generation = YES;
				INFOPLIST_KEY_UISupportedInterfaceOrientations = UIInterfaceOrientationPortrait;
				LD_RUNPATH_SEARCH_PATHS = (
					"$(inherited)",
					"@executable_path/Frameworks",
				);
				MARKETING_VERSION = 1.0;
				PRODUCT_BUNDLE_IDENTIFIER = nick.projects.sai;
				PRODUCT_NAME = "$(TARGET_NAME)";
				SWIFT_EMIT_LOC_STRINGS = YES;
				SWIFT_VERSION = 5.0;
				TARGETED_DEVICE_FAMILY = "1,2";
			};
			name = Debug;
		};
		4B9F4BB52A93FF9900E8ECB5 /* Release */ = {
			isa = XCBuildConfiguration;
			buildSettings = {
				ASSETCATALOG_COMPILER_APPICON_NAME = AppIcon;
				ASSETCATALOG_COMPILER_GLOBAL_ACCENT_COLOR_NAME = AccentColor;
				CODE_SIGN_STYLE = Automatic;
				CURRENT_PROJECT_VERSION = 1;
				DEVELOPMENT_ASSET_PATHS = "\"sai/Preview Content\"";
				ENABLE_PREVIEWS = YES;
				GENERATE_INFOPLIST_FILE = YES;
				INFOPLIST_FILE = sai/Info.plist;
				INFOPLIST_KEY_NSLocationAlwaysAndWhenInUseUsageDescription = "To track your walkings";
				INFOPLIST_KEY_NSLocationWhenInUseUsageDescription = "To track your walkings";
				INFOPLIST_KEY_UIApplicationSceneManifest_Generation = YES;
				INFOPLIST_KEY_UIApplicationSupportsIndirectInputEvents = YES;
				INFOPLIST_KEY_UILaunchScreen_Generation = YES;
				INFOPLIST_KEY_UISupportedInterfaceOrientations = UIInterfaceOrientationPortrait;
				LD_RUNPATH_SEARCH_PATHS = (
					"$(inherited)",
					"@executable_path/Frameworks",
				);
				MARKETING_VERSION = 1.0;
				PRODUCT_BUNDLE_IDENTIFIER = nick.projects.sai;
				PRODUCT_NAME = "$(TARGET_NAME)";
				SWIFT_EMIT_LOC_STRINGS = YES;
				SWIFT_VERSION = 5.0;
				TARGETED_DEVICE_FAMILY = "1,2";
			};
			name = Release;
		};
/* End XCBuildConfiguration section */

/* Begin XCConfigurationList section */
		4B9F4B9B2A93FF9700E8ECB5 /* Build configuration list for PBXProject "sai" */ = {
			isa = XCConfigurationList;
			buildConfigurations = (
				4B9F4BB12A93FF9900E8ECB5 /* Debug */,
				4B9F4BB22A93FF9900E8ECB5 /* Release */,
			);
			defaultConfigurationIsVisible = 0;
			defaultConfigurationName = Release;
		};
		4B9F4BB32A93FF9900E8ECB5 /* Build configuration list for PBXNativeTarget "sai" */ = {
			isa = XCConfigurationList;
			buildConfigurations = (
				4B9F4BB42A93FF9900E8ECB5 /* Debug */,
				4B9F4BB52A93FF9900E8ECB5 /* Release */,
			);
			defaultConfigurationIsVisible = 0;
			defaultConfigurationName = Release;
		};
/* End XCConfigurationList section */

/* Begin XCRemoteSwiftPackageReference section */
		4B2D81C52A94B18E00558031 /* XCRemoteSwiftPackageReference "Swinject" */ = {
			isa = XCRemoteSwiftPackageReference;
			repositoryURL = "https://github.com/Swinject/Swinject.git";
			requirement = {
				kind = upToNextMajorVersion;
				minimumVersion = 2.0.0;
			};
		};
/* End XCRemoteSwiftPackageReference section */

/* Begin XCSwiftPackageProductDependency section */
		4B2D81C62A94B18E00558031 /* Swinject */ = {
			isa = XCSwiftPackageProductDependency;
			package = 4B2D81C52A94B18E00558031 /* XCRemoteSwiftPackageReference "Swinject" */;
			productName = Swinject;
		};
/* End XCSwiftPackageProductDependency section */

/* Begin XCVersionGroup section */
		4B9F4BAE2A93FF9900E8ECB5 /* sai.xcdatamodeld */ = {
			isa = XCVersionGroup;
			children = (
				4B9F4BAF2A93FF9900E8ECB5 /* sai.xcdatamodel */,
			);
			currentVersion = 4B9F4BAF2A93FF9900E8ECB5 /* sai.xcdatamodel */;
			path = sai.xcdatamodeld;
			sourceTree = "<group>";
			versionGroupType = wrapper.xcdatamodel;
		};
/* End XCVersionGroup section */
	};
	rootObject = 4B9F4B982A93FF9700E8ECB5 /* Project object */;
}
