// !$*UTF8*$!
{
	archiveVersion = 1;
	classes = {
	};
	objectVersion = 56;
	objects = {

/* Begin PBXBuildFile section */
		4B1BA26C2AA71EF50086A30A /* SwiftUIIntrospect in Frameworks */ = {isa = PBXBuildFile; productRef = 4B1BA26B2AA71EF50086A30A /* SwiftUIIntrospect */; };
		4B2380E02AA8AC5800D4D181 /* CGFloar+Extension.swift in Sources */ = {isa = PBXBuildFile; fileRef = 4B2380DF2AA8AC5800D4D181 /* CGFloar+Extension.swift */; };
		4B2380E22AA8ADC500D4D181 /* AdaptivePagingScrollView.swift in Sources */ = {isa = PBXBuildFile; fileRef = 4B2380E12AA8ADC500D4D181 /* AdaptivePagingScrollView.swift */; };
		4B2D81AF2A94A9FA00558031 /* View+Extensions.swift in Sources */ = {isa = PBXBuildFile; fileRef = 4B2D81AE2A94A9FA00558031 /* View+Extensions.swift */; };
		4B2D81B12A94AA1900558031 /* Color+HEX.swift in Sources */ = {isa = PBXBuildFile; fileRef = 4B2D81B02A94AA1900558031 /* Color+HEX.swift */; };
		4B2D81B72A94AA3E00558031 /* Inter-Bold.otf in Resources */ = {isa = PBXBuildFile; fileRef = 4B2D81B22A94AA3E00558031 /* Inter-Bold.otf */; };
		4B2D81B82A94AA3E00558031 /* Inter-SemiBold.otf in Resources */ = {isa = PBXBuildFile; fileRef = 4B2D81B32A94AA3E00558031 /* Inter-SemiBold.otf */; };
		4B2D81B92A94AA3E00558031 /* Inter-Regular.otf in Resources */ = {isa = PBXBuildFile; fileRef = 4B2D81B42A94AA3E00558031 /* Inter-Regular.otf */; };
		4B2D81BA2A94AA3E00558031 /* Inter-Light.otf in Resources */ = {isa = PBXBuildFile; fileRef = 4B2D81B52A94AA3E00558031 /* Inter-Light.otf */; };
		4B2D81BB2A94AA3E00558031 /* Inter-Medium.otf in Resources */ = {isa = PBXBuildFile; fileRef = 4B2D81B62A94AA3E00558031 /* Inter-Medium.otf */; };
		4B2D81BD2A94AA6F00558031 /* Typography.swift in Sources */ = {isa = PBXBuildFile; fileRef = 4B2D81BC2A94AA6F00558031 /* Typography.swift */; };
		4B2D81BF2A94AA9B00558031 /* ButtonStyles.swift in Sources */ = {isa = PBXBuildFile; fileRef = 4B2D81BE2A94AA9B00558031 /* ButtonStyles.swift */; };
		4B2D81C12A94AAE800558031 /* MapView.swift in Sources */ = {isa = PBXBuildFile; fileRef = 4B2D81C02A94AAE800558031 /* MapView.swift */; };
		4B2D81C42A94ABA900558031 /* NavigationController.swift in Sources */ = {isa = PBXBuildFile; fileRef = 4B2D81C32A94ABA900558031 /* NavigationController.swift */; };
		4B2D81CD2A94B6BB00558031 /* LocationService.swift in Sources */ = {isa = PBXBuildFile; fileRef = 4B2D81CC2A94B6BB00558031 /* LocationService.swift */; };
		4B2D81D02A94B7C200558031 /* Walk.swift in Sources */ = {isa = PBXBuildFile; fileRef = 4B2D81CF2A94B7C200558031 /* Walk.swift */; };
		4B2D81D42A94DDA000558031 /* Location.swift in Sources */ = {isa = PBXBuildFile; fileRef = 4B2D81D32A94DDA000558031 /* Location.swift */; };
		4B2D81D62A94E57400558031 /* ActiveWalkService.swift in Sources */ = {isa = PBXBuildFile; fileRef = 4B2D81D52A94E57400558031 /* ActiveWalkService.swift */; };
		4B2D82132A94F53800558031 /* Persistance.swift in Sources */ = {isa = PBXBuildFile; fileRef = 4B2D82122A94F53800558031 /* Persistance.swift */; };
		4B2D82172A94F5F000558031 /* WalkCoreData+CoreDataProperties.swift in Sources */ = {isa = PBXBuildFile; fileRef = 4B2D82152A94F5F000558031 /* WalkCoreData+CoreDataProperties.swift */; };
		4B2D82192A94F77A00558031 /* TestScreen.swift in Sources */ = {isa = PBXBuildFile; fileRef = 4B2D82182A94F77A00558031 /* TestScreen.swift */; };
		4B2D821D2A94FFAF00558031 /* WalksDBImpl.swift in Sources */ = {isa = PBXBuildFile; fileRef = 4B2D821C2A94FFAF00558031 /* WalksDBImpl.swift */; };
		4B2D821F2A95058500558031 /* WalksRepositoryImpl.swift in Sources */ = {isa = PBXBuildFile; fileRef = 4B2D821E2A95058500558031 /* WalksRepositoryImpl.swift */; };
		4B2D82212A95475F00558031 /* GoogleService-Info.plist in Resources */ = {isa = PBXBuildFile; fileRef = 4B2D82202A95475E00558031 /* GoogleService-Info.plist */; };
		4B2D82392A960AD100558031 /* Errors.swift in Sources */ = {isa = PBXBuildFile; fileRef = 4B2D82382A960AD100558031 /* Errors.swift */; };
		4B2D82402A961BC300558031 /* HomeScreenViewModel.swift in Sources */ = {isa = PBXBuildFile; fileRef = 4B2D823F2A961BC300558031 /* HomeScreenViewModel.swift */; };
		4B2D82442A9629F200558031 /* CalendarWidget.swift in Sources */ = {isa = PBXBuildFile; fileRef = 4B2D82432A9629F200558031 /* CalendarWidget.swift */; };
		4B2D82462A96352400558031 /* TripsWidget.swift in Sources */ = {isa = PBXBuildFile; fileRef = 4B2D82452A96352400558031 /* TripsWidget.swift */; };
		4B2D824A2A9899F300558031 /* CalendarEvent.swift in Sources */ = {isa = PBXBuildFile; fileRef = 4B2D82492A9899F300558031 /* CalendarEvent.swift */; };
		4B2D824E2A989CC400558031 /* CalendarEventsRepositoryImpl.swift in Sources */ = {isa = PBXBuildFile; fileRef = 4B2D824D2A989CC400558031 /* CalendarEventsRepositoryImpl.swift */; };
		4B2D82502A98A20A00558031 /* Date+Extension.swift in Sources */ = {isa = PBXBuildFile; fileRef = 4B2D824F2A98A20A00558031 /* Date+Extension.swift */; };
		4B2D82532A98A4DE00558031 /* CalendarScreen.swift in Sources */ = {isa = PBXBuildFile; fileRef = 4B2D82522A98A4DE00558031 /* CalendarScreen.swift */; };
		4B2D82552A98EA5A00558031 /* UIApplication+Extension.swift in Sources */ = {isa = PBXBuildFile; fileRef = 4B2D82542A98EA5A00558031 /* UIApplication+Extension.swift */; };
		4B2D82572A98EED300558031 /* CalendarScreenViewModel.swift in Sources */ = {isa = PBXBuildFile; fileRef = 4B2D82562A98EED300558031 /* CalendarScreenViewModel.swift */; };
		4B5562B62AAA1D5A005017CA /* ActivityTab.swift in Sources */ = {isa = PBXBuildFile; fileRef = 4B5562B52AAA1D5A005017CA /* ActivityTab.swift */; };
		4B7001C02AA73A8E0039A5C2 /* BottomSheet in Frameworks */ = {isa = PBXBuildFile; productRef = 4B7001BF2AA73A8E0039A5C2 /* BottomSheet */; };
		4B8192532A98F2A10002D953 /* UINavigationController+Extension.swift in Sources */ = {isa = PBXBuildFile; fileRef = 4B8192522A98F2A10002D953 /* UINavigationController+Extension.swift */; };
		4B8192562A994F530002D953 /* CreateEventScreen.swift in Sources */ = {isa = PBXBuildFile; fileRef = 4B8192552A994F530002D953 /* CreateEventScreen.swift */; };
		4B82BE1F2AA8B0B3005383B6 /* FiltersRow.swift in Sources */ = {isa = PBXBuildFile; fileRef = 4B82BE1E2AA8B0B3005383B6 /* FiltersRow.swift */; };
		4B82BE222AA8ECAF005383B6 /* AllTab.swift in Sources */ = {isa = PBXBuildFile; fileRef = 4B82BE212AA8ECAF005383B6 /* AllTab.swift */; };
		4B82BE262AA918D1005383B6 /* YourPetWidget.swift in Sources */ = {isa = PBXBuildFile; fileRef = 4B82BE252AA918D1005383B6 /* YourPetWidget.swift */; };
		4B82BE282AA91D21005383B6 /* MealPlanWidget.swift in Sources */ = {isa = PBXBuildFile; fileRef = 4B82BE272AA91D21005383B6 /* MealPlanWidget.swift */; };
		4B8906352AA5C53C002E7BCB /* FirebaseAuth in Frameworks */ = {isa = PBXBuildFile; productRef = 4B8906342AA5C53C002E7BCB /* FirebaseAuth */; };
		4B8906372AA5C53C002E7BCB /* FirebaseFirestore in Frameworks */ = {isa = PBXBuildFile; productRef = 4B8906362AA5C53C002E7BCB /* FirebaseFirestore */; };
		4B8906392AA5C53C002E7BCB /* FirebaseFirestoreSwift in Frameworks */ = {isa = PBXBuildFile; productRef = 4B8906382AA5C53C002E7BCB /* FirebaseFirestoreSwift */; };
		4B89063B2AA5C53C002E7BCB /* FirebaseMessaging in Frameworks */ = {isa = PBXBuildFile; productRef = 4B89063A2AA5C53C002E7BCB /* FirebaseMessaging */; };
		4B89063D2AA5C554002E7BCB /* AppDelegate.swift in Sources */ = {isa = PBXBuildFile; fileRef = 4B89063C2AA5C554002E7BCB /* AppDelegate.swift */; };
		4B8906402AA5C5D4002E7BCB /* SignInScreen.swift in Sources */ = {isa = PBXBuildFile; fileRef = 4B89063F2AA5C5D4002E7BCB /* SignInScreen.swift */; };
		4B8906422AA5C884002E7BCB /* LoadingAppView.swift in Sources */ = {isa = PBXBuildFile; fileRef = 4B8906412AA5C884002E7BCB /* LoadingAppView.swift */; };
		4B8B80162AA9BA0000642FB5 /* TasksTab.swift in Sources */ = {isa = PBXBuildFile; fileRef = 4B8B80152AA9BA0000642FB5 /* TasksTab.swift */; };
		4B8B80182AA9BF5B00642FB5 /* CheckFeelingWidget.swift in Sources */ = {isa = PBXBuildFile; fileRef = 4B8B80172AA9BF5B00642FB5 /* CheckFeelingWidget.swift */; };
		4B8B801B2AAA0ACF00642FB5 /* Popovers in Frameworks */ = {isa = PBXBuildFile; productRef = 4B8B801A2AAA0ACF00642FB5 /* Popovers */; };
		4B99D9EE2AA1E3FB002392B8 /* TimeInterval+Extensions.swift in Sources */ = {isa = PBXBuildFile; fileRef = 4B99D9ED2AA1E3FB002392B8 /* TimeInterval+Extensions.swift */; };
		4B99D9F12AA20AE2002392B8 /* SwiftUIPager in Frameworks */ = {isa = PBXBuildFile; productRef = 4B99D9F02AA20AE2002392B8 /* SwiftUIPager */; };
		4B99D9F62AA3699D002392B8 /* CalendarEventsRepository.swift in Sources */ = {isa = PBXBuildFile; fileRef = 4B99D9F52AA3699D002392B8 /* CalendarEventsRepository.swift */; };
		4B99D9F82AA36B18002392B8 /* WalksRepository.swift in Sources */ = {isa = PBXBuildFile; fileRef = 4B99D9F72AA36B18002392B8 /* WalksRepository.swift */; };
		4B99D9FF2AA36BF9002392B8 /* WalksDataSource.swift in Sources */ = {isa = PBXBuildFile; fileRef = 4B99D9FE2AA36BF9002392B8 /* WalksDataSource.swift */; };
		4B99DA022AA36C5C002392B8 /* CalendarEventsDataSource.swift in Sources */ = {isa = PBXBuildFile; fileRef = 4B99DA012AA36C5C002392B8 /* CalendarEventsDataSource.swift */; };
		4B99DA072AA37017002392B8 /* WalkCoreData+Extension.swift in Sources */ = {isa = PBXBuildFile; fileRef = 4B99DA062AA37017002392B8 /* WalkCoreData+Extension.swift */; };
		4B99DA092AA37271002392B8 /* WalkAnalytic.swift in Sources */ = {isa = PBXBuildFile; fileRef = 4B99DA082AA37271002392B8 /* WalkAnalytic.swift */; };
		4B9F4BA42A93FF9700E8ECB5 /* saiApp.swift in Sources */ = {isa = PBXBuildFile; fileRef = 4B9F4BA32A93FF9700E8ECB5 /* saiApp.swift */; };
		4B9F4BA62A93FF9700E8ECB5 /* ContentView.swift in Sources */ = {isa = PBXBuildFile; fileRef = 4B9F4BA52A93FF9700E8ECB5 /* ContentView.swift */; };
		4B9F4BA82A93FF9900E8ECB5 /* Assets.xcassets in Resources */ = {isa = PBXBuildFile; fileRef = 4B9F4BA72A93FF9900E8ECB5 /* Assets.xcassets */; };
		4B9F4BAB2A93FF9900E8ECB5 /* Preview Assets.xcassets in Resources */ = {isa = PBXBuildFile; fileRef = 4B9F4BAA2A93FF9900E8ECB5 /* Preview Assets.xcassets */; };
		4B9F4BB02A93FF9900E8ECB5 /* sai.xcdatamodeld in Sources */ = {isa = PBXBuildFile; fileRef = 4B9F4BAE2A93FF9900E8ECB5 /* sai.xcdatamodeld */; };
		4BA03AEC2AA5D15E00B15ABE /* AuthService.swift in Sources */ = {isa = PBXBuildFile; fileRef = 4BA03AEB2AA5D15E00B15ABE /* AuthService.swift */; };
		4BA03AEE2AA5D1FB00B15ABE /* AuthUser.swift in Sources */ = {isa = PBXBuildFile; fileRef = 4BA03AED2AA5D1FB00B15ABE /* AuthUser.swift */; };
		4BA03AF02AA605F600B15ABE /* UserModel.swift in Sources */ = {isa = PBXBuildFile; fileRef = 4BA03AEF2AA605F600B15ABE /* UserModel.swift */; };
		4BA03AF22AA6064C00B15ABE /* DogModel.swift in Sources */ = {isa = PBXBuildFile; fileRef = 4BA03AF12AA6064C00B15ABE /* DogModel.swift */; };
		4BA03AF42AA606D700B15ABE /* UserRepository.swift in Sources */ = {isa = PBXBuildFile; fileRef = 4BA03AF32AA606D700B15ABE /* UserRepository.swift */; };
		4BA03AF62AA6070100B15ABE /* UserDataSource.swift in Sources */ = {isa = PBXBuildFile; fileRef = 4BA03AF52AA6070100B15ABE /* UserDataSource.swift */; };
		4BA03AF82AA6072600B15ABE /* UserGraphQLImpl.swift in Sources */ = {isa = PBXBuildFile; fileRef = 4BA03AF72AA6072600B15ABE /* UserGraphQLImpl.swift */; };
		4BA03AFA2AA6090C00B15ABE /* UserRepositoryImpl.swift in Sources */ = {isa = PBXBuildFile; fileRef = 4BA03AF92AA6090C00B15ABE /* UserRepositoryImpl.swift */; };
		4BABA4D92AA08A80002F1880 /* WalksGraphQLImpl.swift in Sources */ = {isa = PBXBuildFile; fileRef = 4BABA4D82AA08A80002F1880 /* WalksGraphQLImpl.swift */; };
		4BABA4DC2AA1D160002F1880 /* CalendarEventItem.swift in Sources */ = {isa = PBXBuildFile; fileRef = 4BABA4DB2AA1D160002F1880 /* CalendarEventItem.swift */; };
		4BB6E3882A9D401300030B1E /* WalkTimer.swift in Sources */ = {isa = PBXBuildFile; fileRef = 4BB6E3872A9D401300030B1E /* WalkTimer.swift */; };
		4BC477862A9CB0AF007CCF95 /* SaiFastAPI in Frameworks */ = {isa = PBXBuildFile; productRef = 4BC477852A9CB0AF007CCF95 /* SaiFastAPI */; };
		4BC4778B2A9CB290007CCF95 /* Network.swift in Sources */ = {isa = PBXBuildFile; fileRef = 4BC4778A2A9CB290007CCF95 /* Network.swift */; };
		4BC4778D2A9CB47E007CCF95 /* AuthorizationInterceptor.swift in Sources */ = {isa = PBXBuildFile; fileRef = 4BC4778C2A9CB47E007CCF95 /* AuthorizationInterceptor.swift */; };
		4BC4778F2A9CD187007CCF95 /* NetworkInterceptorProvider.swift in Sources */ = {isa = PBXBuildFile; fileRef = 4BC4778E2A9CD187007CCF95 /* NetworkInterceptorProvider.swift */; };
		4BCC39D62AA7BBB400306629 /* HomeScreen.swift in Sources */ = {isa = PBXBuildFile; fileRef = 4BCC39D52AA7BBB400306629 /* HomeScreen.swift */; };
		4BCE46732A9ED85E009142D8 /* ApolloClient+Extensions.swift in Sources */ = {isa = PBXBuildFile; fileRef = 4BCE46722A9ED85E009142D8 /* ApolloClient+Extensions.swift */; };
		4BCE46762A9F55EB009142D8 /* CalendarEventsGraphQLService.swift in Sources */ = {isa = PBXBuildFile; fileRef = 4BCE46752A9F55EB009142D8 /* CalendarEventsGraphQLService.swift */; };
		4BCFCFB92A9DDAF8000E2802 /* SaiFastAPI+Extensions.swift in Sources */ = {isa = PBXBuildFile; fileRef = 4BCFCFB82A9DDAF8000E2802 /* SaiFastAPI+Extensions.swift */; };
		4BD94A6E2A9A257A00B268CF /* WalksScreen.swift in Sources */ = {isa = PBXBuildFile; fileRef = 4BD94A6D2A9A257A00B268CF /* WalksScreen.swift */; };
		4BD94A702A9A285800B268CF /* WalksScreenViewModel.swift in Sources */ = {isa = PBXBuildFile; fileRef = 4BD94A6F2A9A285800B268CF /* WalksScreenViewModel.swift */; };
		4BD94A732A9C9CB100B268CF /* Apollo in Frameworks */ = {isa = PBXBuildFile; productRef = 4BD94A722A9C9CB100B268CF /* Apollo */; };
		4BDE42642AA7C7AF002F5BF2 /* ScreenPositionKey.swift in Sources */ = {isa = PBXBuildFile; fileRef = 4BDE42632AA7C7AF002F5BF2 /* ScreenPositionKey.swift */; };
		4BDE42662AA89992002F5BF2 /* AnimatedHeader.swift in Sources */ = {isa = PBXBuildFile; fileRef = 4BDE42652AA89992002F5BF2 /* AnimatedHeader.swift */; };
/* End PBXBuildFile section */

/* Begin PBXFileReference section */
		4B2380DF2AA8AC5800D4D181 /* CGFloar+Extension.swift */ = {isa = PBXFileReference; lastKnownFileType = sourcecode.swift; path = "CGFloar+Extension.swift"; sourceTree = "<group>"; };
		4B2380E12AA8ADC500D4D181 /* AdaptivePagingScrollView.swift */ = {isa = PBXFileReference; lastKnownFileType = sourcecode.swift; path = AdaptivePagingScrollView.swift; sourceTree = "<group>"; };
		4B2D81A92A94A8E200558031 /* Info.plist */ = {isa = PBXFileReference; lastKnownFileType = text.plist; path = Info.plist; sourceTree = "<group>"; };
		4B2D81AE2A94A9FA00558031 /* View+Extensions.swift */ = {isa = PBXFileReference; lastKnownFileType = sourcecode.swift; path = "View+Extensions.swift"; sourceTree = "<group>"; };
		4B2D81B02A94AA1900558031 /* Color+HEX.swift */ = {isa = PBXFileReference; lastKnownFileType = sourcecode.swift; path = "Color+HEX.swift"; sourceTree = "<group>"; };
		4B2D81B22A94AA3E00558031 /* Inter-Bold.otf */ = {isa = PBXFileReference; lastKnownFileType = file; path = "Inter-Bold.otf"; sourceTree = "<group>"; };
		4B2D81B32A94AA3E00558031 /* Inter-SemiBold.otf */ = {isa = PBXFileReference; lastKnownFileType = file; path = "Inter-SemiBold.otf"; sourceTree = "<group>"; };
		4B2D81B42A94AA3E00558031 /* Inter-Regular.otf */ = {isa = PBXFileReference; lastKnownFileType = file; path = "Inter-Regular.otf"; sourceTree = "<group>"; };
		4B2D81B52A94AA3E00558031 /* Inter-Light.otf */ = {isa = PBXFileReference; lastKnownFileType = file; path = "Inter-Light.otf"; sourceTree = "<group>"; };
		4B2D81B62A94AA3E00558031 /* Inter-Medium.otf */ = {isa = PBXFileReference; lastKnownFileType = file; path = "Inter-Medium.otf"; sourceTree = "<group>"; };
		4B2D81BC2A94AA6F00558031 /* Typography.swift */ = {isa = PBXFileReference; lastKnownFileType = sourcecode.swift; path = Typography.swift; sourceTree = "<group>"; };
		4B2D81BE2A94AA9B00558031 /* ButtonStyles.swift */ = {isa = PBXFileReference; lastKnownFileType = sourcecode.swift; path = ButtonStyles.swift; sourceTree = "<group>"; };
		4B2D81C02A94AAE800558031 /* MapView.swift */ = {isa = PBXFileReference; lastKnownFileType = sourcecode.swift; path = MapView.swift; sourceTree = "<group>"; };
		4B2D81C32A94ABA900558031 /* NavigationController.swift */ = {isa = PBXFileReference; lastKnownFileType = sourcecode.swift; path = NavigationController.swift; sourceTree = "<group>"; };
		4B2D81CC2A94B6BB00558031 /* LocationService.swift */ = {isa = PBXFileReference; lastKnownFileType = sourcecode.swift; path = LocationService.swift; sourceTree = "<group>"; };
		4B2D81CF2A94B7C200558031 /* Walk.swift */ = {isa = PBXFileReference; lastKnownFileType = sourcecode.swift; path = Walk.swift; sourceTree = "<group>"; };
		4B2D81D32A94DDA000558031 /* Location.swift */ = {isa = PBXFileReference; lastKnownFileType = sourcecode.swift; path = Location.swift; sourceTree = "<group>"; };
		4B2D81D52A94E57400558031 /* ActiveWalkService.swift */ = {isa = PBXFileReference; lastKnownFileType = sourcecode.swift; path = ActiveWalkService.swift; sourceTree = "<group>"; };
		4B2D82122A94F53800558031 /* Persistance.swift */ = {isa = PBXFileReference; lastKnownFileType = sourcecode.swift; path = Persistance.swift; sourceTree = "<group>"; };
		4B2D82152A94F5F000558031 /* WalkCoreData+CoreDataProperties.swift */ = {isa = PBXFileReference; lastKnownFileType = sourcecode.swift; name = "WalkCoreData+CoreDataProperties.swift"; path = "sai/WalkCoreData+CoreDataProperties.swift"; sourceTree = "<group>"; };
		4B2D82182A94F77A00558031 /* TestScreen.swift */ = {isa = PBXFileReference; lastKnownFileType = sourcecode.swift; path = TestScreen.swift; sourceTree = "<group>"; };
		4B2D821C2A94FFAF00558031 /* WalksDBImpl.swift */ = {isa = PBXFileReference; lastKnownFileType = sourcecode.swift; path = WalksDBImpl.swift; sourceTree = "<group>"; };
		4B2D821E2A95058500558031 /* WalksRepositoryImpl.swift */ = {isa = PBXFileReference; lastKnownFileType = sourcecode.swift; path = WalksRepositoryImpl.swift; sourceTree = "<group>"; };
		4B2D82202A95475E00558031 /* GoogleService-Info.plist */ = {isa = PBXFileReference; fileEncoding = 4; lastKnownFileType = text.plist.xml; path = "GoogleService-Info.plist"; sourceTree = "<group>"; };
		4B2D82382A960AD100558031 /* Errors.swift */ = {isa = PBXFileReference; lastKnownFileType = sourcecode.swift; path = Errors.swift; sourceTree = "<group>"; };
		4B2D823F2A961BC300558031 /* HomeScreenViewModel.swift */ = {isa = PBXFileReference; lastKnownFileType = sourcecode.swift; path = HomeScreenViewModel.swift; sourceTree = "<group>"; };
		4B2D82432A9629F200558031 /* CalendarWidget.swift */ = {isa = PBXFileReference; lastKnownFileType = sourcecode.swift; path = CalendarWidget.swift; sourceTree = "<group>"; };
		4B2D82452A96352400558031 /* TripsWidget.swift */ = {isa = PBXFileReference; lastKnownFileType = sourcecode.swift; path = TripsWidget.swift; sourceTree = "<group>"; };
		4B2D82492A9899F300558031 /* CalendarEvent.swift */ = {isa = PBXFileReference; lastKnownFileType = sourcecode.swift; path = CalendarEvent.swift; sourceTree = "<group>"; };
		4B2D824D2A989CC400558031 /* CalendarEventsRepositoryImpl.swift */ = {isa = PBXFileReference; lastKnownFileType = sourcecode.swift; path = CalendarEventsRepositoryImpl.swift; sourceTree = "<group>"; };
		4B2D824F2A98A20A00558031 /* Date+Extension.swift */ = {isa = PBXFileReference; lastKnownFileType = sourcecode.swift; path = "Date+Extension.swift"; sourceTree = "<group>"; };
		4B2D82522A98A4DE00558031 /* CalendarScreen.swift */ = {isa = PBXFileReference; lastKnownFileType = sourcecode.swift; path = CalendarScreen.swift; sourceTree = "<group>"; };
		4B2D82542A98EA5A00558031 /* UIApplication+Extension.swift */ = {isa = PBXFileReference; lastKnownFileType = sourcecode.swift; path = "UIApplication+Extension.swift"; sourceTree = "<group>"; };
		4B2D82562A98EED300558031 /* CalendarScreenViewModel.swift */ = {isa = PBXFileReference; lastKnownFileType = sourcecode.swift; path = CalendarScreenViewModel.swift; sourceTree = "<group>"; };
		4B5562B52AAA1D5A005017CA /* ActivityTab.swift */ = {isa = PBXFileReference; lastKnownFileType = sourcecode.swift; path = ActivityTab.swift; sourceTree = "<group>"; };
		4B8192522A98F2A10002D953 /* UINavigationController+Extension.swift */ = {isa = PBXFileReference; lastKnownFileType = sourcecode.swift; path = "UINavigationController+Extension.swift"; sourceTree = "<group>"; };
		4B8192552A994F530002D953 /* CreateEventScreen.swift */ = {isa = PBXFileReference; lastKnownFileType = sourcecode.swift; path = CreateEventScreen.swift; sourceTree = "<group>"; };
		4B82BE1E2AA8B0B3005383B6 /* FiltersRow.swift */ = {isa = PBXFileReference; lastKnownFileType = sourcecode.swift; path = FiltersRow.swift; sourceTree = "<group>"; };
		4B82BE212AA8ECAF005383B6 /* AllTab.swift */ = {isa = PBXFileReference; lastKnownFileType = sourcecode.swift; path = AllTab.swift; sourceTree = "<group>"; };
		4B82BE252AA918D1005383B6 /* YourPetWidget.swift */ = {isa = PBXFileReference; lastKnownFileType = sourcecode.swift; path = YourPetWidget.swift; sourceTree = "<group>"; };
		4B82BE272AA91D21005383B6 /* MealPlanWidget.swift */ = {isa = PBXFileReference; lastKnownFileType = sourcecode.swift; path = MealPlanWidget.swift; sourceTree = "<group>"; };
		4B89063C2AA5C554002E7BCB /* AppDelegate.swift */ = {isa = PBXFileReference; lastKnownFileType = sourcecode.swift; path = AppDelegate.swift; sourceTree = "<group>"; };
		4B89063F2AA5C5D4002E7BCB /* SignInScreen.swift */ = {isa = PBXFileReference; lastKnownFileType = sourcecode.swift; path = SignInScreen.swift; sourceTree = "<group>"; };
		4B8906412AA5C884002E7BCB /* LoadingAppView.swift */ = {isa = PBXFileReference; lastKnownFileType = sourcecode.swift; path = LoadingAppView.swift; sourceTree = "<group>"; };
		4B8B80152AA9BA0000642FB5 /* TasksTab.swift */ = {isa = PBXFileReference; lastKnownFileType = sourcecode.swift; path = TasksTab.swift; sourceTree = "<group>"; };
		4B8B80172AA9BF5B00642FB5 /* CheckFeelingWidget.swift */ = {isa = PBXFileReference; lastKnownFileType = sourcecode.swift; path = CheckFeelingWidget.swift; sourceTree = "<group>"; };
		4B99D9ED2AA1E3FB002392B8 /* TimeInterval+Extensions.swift */ = {isa = PBXFileReference; lastKnownFileType = sourcecode.swift; path = "TimeInterval+Extensions.swift"; sourceTree = "<group>"; };
		4B99D9F52AA3699D002392B8 /* CalendarEventsRepository.swift */ = {isa = PBXFileReference; lastKnownFileType = sourcecode.swift; path = CalendarEventsRepository.swift; sourceTree = "<group>"; };
		4B99D9F72AA36B18002392B8 /* WalksRepository.swift */ = {isa = PBXFileReference; lastKnownFileType = sourcecode.swift; path = WalksRepository.swift; sourceTree = "<group>"; };
		4B99D9FE2AA36BF9002392B8 /* WalksDataSource.swift */ = {isa = PBXFileReference; lastKnownFileType = sourcecode.swift; path = WalksDataSource.swift; sourceTree = "<group>"; };
		4B99DA012AA36C5C002392B8 /* CalendarEventsDataSource.swift */ = {isa = PBXFileReference; lastKnownFileType = sourcecode.swift; path = CalendarEventsDataSource.swift; sourceTree = "<group>"; };
		4B99DA062AA37017002392B8 /* WalkCoreData+Extension.swift */ = {isa = PBXFileReference; lastKnownFileType = sourcecode.swift; path = "WalkCoreData+Extension.swift"; sourceTree = "<group>"; };
		4B99DA082AA37271002392B8 /* WalkAnalytic.swift */ = {isa = PBXFileReference; lastKnownFileType = sourcecode.swift; path = WalkAnalytic.swift; sourceTree = "<group>"; };
		4B9F4BA02A93FF9700E8ECB5 /* sai.app */ = {isa = PBXFileReference; explicitFileType = wrapper.application; includeInIndex = 0; path = sai.app; sourceTree = BUILT_PRODUCTS_DIR; };
		4B9F4BA32A93FF9700E8ECB5 /* saiApp.swift */ = {isa = PBXFileReference; lastKnownFileType = sourcecode.swift; path = saiApp.swift; sourceTree = "<group>"; };
		4B9F4BA52A93FF9700E8ECB5 /* ContentView.swift */ = {isa = PBXFileReference; lastKnownFileType = sourcecode.swift; path = ContentView.swift; sourceTree = "<group>"; };
		4B9F4BA72A93FF9900E8ECB5 /* Assets.xcassets */ = {isa = PBXFileReference; lastKnownFileType = folder.assetcatalog; path = Assets.xcassets; sourceTree = "<group>"; };
		4B9F4BAA2A93FF9900E8ECB5 /* Preview Assets.xcassets */ = {isa = PBXFileReference; lastKnownFileType = folder.assetcatalog; path = "Preview Assets.xcassets"; sourceTree = "<group>"; };
		4B9F4BAF2A93FF9900E8ECB5 /* sai.xcdatamodel */ = {isa = PBXFileReference; lastKnownFileType = wrapper.xcdatamodel; path = sai.xcdatamodel; sourceTree = "<group>"; };
		4BA03AEB2AA5D15E00B15ABE /* AuthService.swift */ = {isa = PBXFileReference; lastKnownFileType = sourcecode.swift; path = AuthService.swift; sourceTree = "<group>"; };
		4BA03AED2AA5D1FB00B15ABE /* AuthUser.swift */ = {isa = PBXFileReference; lastKnownFileType = sourcecode.swift; path = AuthUser.swift; sourceTree = "<group>"; };
		4BA03AEF2AA605F600B15ABE /* UserModel.swift */ = {isa = PBXFileReference; lastKnownFileType = sourcecode.swift; path = UserModel.swift; sourceTree = "<group>"; };
		4BA03AF12AA6064C00B15ABE /* DogModel.swift */ = {isa = PBXFileReference; lastKnownFileType = sourcecode.swift; path = DogModel.swift; sourceTree = "<group>"; };
		4BA03AF32AA606D700B15ABE /* UserRepository.swift */ = {isa = PBXFileReference; lastKnownFileType = sourcecode.swift; path = UserRepository.swift; sourceTree = "<group>"; };
		4BA03AF52AA6070100B15ABE /* UserDataSource.swift */ = {isa = PBXFileReference; lastKnownFileType = sourcecode.swift; path = UserDataSource.swift; sourceTree = "<group>"; };
		4BA03AF72AA6072600B15ABE /* UserGraphQLImpl.swift */ = {isa = PBXFileReference; lastKnownFileType = sourcecode.swift; path = UserGraphQLImpl.swift; sourceTree = "<group>"; };
		4BA03AF92AA6090C00B15ABE /* UserRepositoryImpl.swift */ = {isa = PBXFileReference; lastKnownFileType = sourcecode.swift; path = UserRepositoryImpl.swift; sourceTree = "<group>"; };
		4BABA4D82AA08A80002F1880 /* WalksGraphQLImpl.swift */ = {isa = PBXFileReference; lastKnownFileType = sourcecode.swift; path = WalksGraphQLImpl.swift; sourceTree = "<group>"; };
		4BABA4DB2AA1D160002F1880 /* CalendarEventItem.swift */ = {isa = PBXFileReference; lastKnownFileType = sourcecode.swift; path = CalendarEventItem.swift; sourceTree = "<group>"; };
		4BB6E3872A9D401300030B1E /* WalkTimer.swift */ = {isa = PBXFileReference; lastKnownFileType = sourcecode.swift; path = WalkTimer.swift; sourceTree = "<group>"; };
		4BC477832A9CB092007CCF95 /* SaiFastAPI */ = {isa = PBXFileReference; lastKnownFileType = wrapper; path = SaiFastAPI; sourceTree = "<group>"; };
		4BC4778A2A9CB290007CCF95 /* Network.swift */ = {isa = PBXFileReference; lastKnownFileType = sourcecode.swift; path = Network.swift; sourceTree = "<group>"; };
		4BC4778C2A9CB47E007CCF95 /* AuthorizationInterceptor.swift */ = {isa = PBXFileReference; lastKnownFileType = sourcecode.swift; path = AuthorizationInterceptor.swift; sourceTree = "<group>"; };
		4BC4778E2A9CD187007CCF95 /* NetworkInterceptorProvider.swift */ = {isa = PBXFileReference; lastKnownFileType = sourcecode.swift; path = NetworkInterceptorProvider.swift; sourceTree = "<group>"; };
		4BCC39D52AA7BBB400306629 /* HomeScreen.swift */ = {isa = PBXFileReference; lastKnownFileType = sourcecode.swift; path = HomeScreen.swift; sourceTree = "<group>"; };
		4BCE46722A9ED85E009142D8 /* ApolloClient+Extensions.swift */ = {isa = PBXFileReference; lastKnownFileType = sourcecode.swift; path = "ApolloClient+Extensions.swift"; sourceTree = "<group>"; };
		4BCE46752A9F55EB009142D8 /* CalendarEventsGraphQLService.swift */ = {isa = PBXFileReference; lastKnownFileType = sourcecode.swift; path = CalendarEventsGraphQLService.swift; sourceTree = "<group>"; };
		4BCFCFB82A9DDAF8000E2802 /* SaiFastAPI+Extensions.swift */ = {isa = PBXFileReference; lastKnownFileType = sourcecode.swift; path = "SaiFastAPI+Extensions.swift"; sourceTree = "<group>"; };
		4BD94A6D2A9A257A00B268CF /* WalksScreen.swift */ = {isa = PBXFileReference; lastKnownFileType = sourcecode.swift; path = WalksScreen.swift; sourceTree = "<group>"; };
		4BD94A6F2A9A285800B268CF /* WalksScreenViewModel.swift */ = {isa = PBXFileReference; lastKnownFileType = sourcecode.swift; path = WalksScreenViewModel.swift; sourceTree = "<group>"; };
		4BDE42632AA7C7AF002F5BF2 /* ScreenPositionKey.swift */ = {isa = PBXFileReference; lastKnownFileType = sourcecode.swift; path = ScreenPositionKey.swift; sourceTree = "<group>"; };
		4BDE42652AA89992002F5BF2 /* AnimatedHeader.swift */ = {isa = PBXFileReference; lastKnownFileType = sourcecode.swift; path = AnimatedHeader.swift; sourceTree = "<group>"; };
/* End PBXFileReference section */

/* Begin PBXFrameworksBuildPhase section */
		4B9F4B9D2A93FF9700E8ECB5 /* Frameworks */ = {
			isa = PBXFrameworksBuildPhase;
			buildActionMask = 2147483647;
			files = (
				4BD94A732A9C9CB100B268CF /* Apollo in Frameworks */,
				4B7001C02AA73A8E0039A5C2 /* BottomSheet in Frameworks */,
				4B99D9F12AA20AE2002392B8 /* SwiftUIPager in Frameworks */,
				4B89063B2AA5C53C002E7BCB /* FirebaseMessaging in Frameworks */,
				4BC477862A9CB0AF007CCF95 /* SaiFastAPI in Frameworks */,
				4B8906372AA5C53C002E7BCB /* FirebaseFirestore in Frameworks */,
				4B8B801B2AAA0ACF00642FB5 /* Popovers in Frameworks */,
				4B8906352AA5C53C002E7BCB /* FirebaseAuth in Frameworks */,
				4B8906392AA5C53C002E7BCB /* FirebaseFirestoreSwift in Frameworks */,
				4B1BA26C2AA71EF50086A30A /* SwiftUIIntrospect in Frameworks */,
			);
			runOnlyForDeploymentPostprocessing = 0;
		};
/* End PBXFrameworksBuildPhase section */

/* Begin PBXGroup section */
		4B2D81AA2A94A9D800558031 /* Extensions */ = {
			isa = PBXGroup;
			children = (
				4B2D81AE2A94A9FA00558031 /* View+Extensions.swift */,
				4B2D81B02A94AA1900558031 /* Color+HEX.swift */,
				4B2D824F2A98A20A00558031 /* Date+Extension.swift */,
				4B2D82542A98EA5A00558031 /* UIApplication+Extension.swift */,
				4B8192522A98F2A10002D953 /* UINavigationController+Extension.swift */,
				4BCE46722A9ED85E009142D8 /* ApolloClient+Extensions.swift */,
				4B99D9ED2AA1E3FB002392B8 /* TimeInterval+Extensions.swift */,
				4B2380DF2AA8AC5800D4D181 /* CGFloar+Extension.swift */,
			);
			path = Extensions;
			sourceTree = "<group>";
		};
		4B2D81AB2A94A9DF00558031 /* Fonts */ = {
			isa = PBXGroup;
			children = (
				4B2D81B22A94AA3E00558031 /* Inter-Bold.otf */,
				4B2D81B52A94AA3E00558031 /* Inter-Light.otf */,
				4B2D81B62A94AA3E00558031 /* Inter-Medium.otf */,
				4B2D81B42A94AA3E00558031 /* Inter-Regular.otf */,
				4B2D81B32A94AA3E00558031 /* Inter-SemiBold.otf */,
			);
			path = Fonts;
			sourceTree = "<group>";
		};
		4B2D81AC2A94A9E600558031 /* Components */ = {
			isa = PBXGroup;
			children = (
				4B2D81BC2A94AA6F00558031 /* Typography.swift */,
				4B2D81BE2A94AA9B00558031 /* ButtonStyles.swift */,
				4B2D81C02A94AAE800558031 /* MapView.swift */,
				4B8906412AA5C884002E7BCB /* LoadingAppView.swift */,
				4B2380E12AA8ADC500D4D181 /* AdaptivePagingScrollView.swift */,
			);
			path = Components;
			sourceTree = "<group>";
		};
		4B2D81AD2A94A9ED00558031 /* Screens */ = {
			isa = PBXGroup;
			children = (
				4B89063E2AA5C5C5002E7BCB /* SignInScreen */,
				4BD94A6C2A9A256D00B268CF /* WalksScreen */,
				4B8192542A994F320002D953 /* CreateEventScreen */,
				4B2D82512A98A4D000558031 /* CalendarScreen */,
				4B2D82412A9626B200558031 /* HomeScreen */,
				4B2D82182A94F77A00558031 /* TestScreen.swift */,
			);
			path = Screens;
			sourceTree = "<group>";
		};
		4B2D81C22A94AB9400558031 /* Navigation */ = {
			isa = PBXGroup;
			children = (
				4B2D81C32A94ABA900558031 /* NavigationController.swift */,
			);
			path = Navigation;
			sourceTree = "<group>";
		};
		4B2D81CB2A94B6AE00558031 /* Services */ = {
			isa = PBXGroup;
			children = (
				4B2D81CC2A94B6BB00558031 /* LocationService.swift */,
				4B2D81D52A94E57400558031 /* ActiveWalkService.swift */,
				4BA03AEB2AA5D15E00B15ABE /* AuthService.swift */,
			);
			path = Services;
			sourceTree = "<group>";
		};
		4B2D81CE2A94B7B400558031 /* Models */ = {
			isa = PBXGroup;
			children = (
				4BA03AED2AA5D1FB00B15ABE /* AuthUser.swift */,
				4B2D81CF2A94B7C200558031 /* Walk.swift */,
				4B2D81D32A94DDA000558031 /* Location.swift */,
				4B2D82492A9899F300558031 /* CalendarEvent.swift */,
				4B99DA082AA37271002392B8 /* WalkAnalytic.swift */,
				4BA03AEF2AA605F600B15ABE /* UserModel.swift */,
				4BA03AF12AA6064C00B15ABE /* DogModel.swift */,
			);
			path = Models;
			sourceTree = "<group>";
		};
		4B2D82352A960A7800558031 /* Protocols */ = {
			isa = PBXGroup;
			children = (
				4B2D82382A960AD100558031 /* Errors.swift */,
			);
			path = Protocols;
			sourceTree = "<group>";
		};
		4B2D823E2A961BB000558031 /* ViewModels */ = {
			isa = PBXGroup;
			children = (
				4B2D823F2A961BC300558031 /* HomeScreenViewModel.swift */,
				4B2D82562A98EED300558031 /* CalendarScreenViewModel.swift */,
				4BD94A6F2A9A285800B268CF /* WalksScreenViewModel.swift */,
			);
			path = ViewModels;
			sourceTree = "<group>";
		};
		4B2D82412A9626B200558031 /* HomeScreen */ = {
			isa = PBXGroup;
			children = (
				4B2D82422A9629E100558031 /* Components */,
				4BCC39D52AA7BBB400306629 /* HomeScreen.swift */,
			);
			path = HomeScreen;
			sourceTree = "<group>";
		};
		4B2D82422A9629E100558031 /* Components */ = {
			isa = PBXGroup;
			children = (
				4B82BE242AA9148C005383B6 /* AllTab */,
				4B82BE212AA8ECAF005383B6 /* AllTab.swift */,
				4B8B80152AA9BA0000642FB5 /* TasksTab.swift */,
				4BDE42652AA89992002F5BF2 /* AnimatedHeader.swift */,
				4B82BE1E2AA8B0B3005383B6 /* FiltersRow.swift */,
				4B5562B52AAA1D5A005017CA /* ActivityTab.swift */,
			);
			path = Components;
			sourceTree = "<group>";
		};
		4B2D82512A98A4D000558031 /* CalendarScreen */ = {
			isa = PBXGroup;
			children = (
				4BABA4DA2AA1D13F002F1880 /* Components */,
				4B2D82522A98A4DE00558031 /* CalendarScreen.swift */,
			);
			path = CalendarScreen;
			sourceTree = "<group>";
		};
		4B8192542A994F320002D953 /* CreateEventScreen */ = {
			isa = PBXGroup;
			children = (
				4B8192552A994F530002D953 /* CreateEventScreen.swift */,
			);
			path = CreateEventScreen;
			sourceTree = "<group>";
		};
		4B82BE242AA9148C005383B6 /* AllTab */ = {
			isa = PBXGroup;
			children = (
				4B2D82432A9629F200558031 /* CalendarWidget.swift */,
				4B2D82452A96352400558031 /* TripsWidget.swift */,
				4B82BE252AA918D1005383B6 /* YourPetWidget.swift */,
				4B82BE272AA91D21005383B6 /* MealPlanWidget.swift */,
				4B8B80172AA9BF5B00642FB5 /* CheckFeelingWidget.swift */,
			);
			path = AllTab;
			sourceTree = "<group>";
		};
		4B89063E2AA5C5C5002E7BCB /* SignInScreen */ = {
			isa = PBXGroup;
			children = (
				4B89063F2AA5C5D4002E7BCB /* SignInScreen.swift */,
			);
			path = SignInScreen;
			sourceTree = "<group>";
		};
		4B99D9F22AA27EB0002392B8 /* Core */ = {
			isa = PBXGroup;
			children = (
				4BC477892A9CB254007CCF95 /* Network */,
				4B2D81AB2A94A9DF00558031 /* Fonts */,
			);
			path = Core;
			sourceTree = "<group>";
		};
		4B99D9F32AA27F14002392B8 /* Domain */ = {
			isa = PBXGroup;
			children = (
				4B2D81CB2A94B6AE00558031 /* Services */,
				4B2D81CE2A94B7B400558031 /* Models */,
				4B99D9F42AA28A62002392B8 /* Repository */,
			);
			path = Domain;
			sourceTree = "<group>";
		};
		4B99D9F42AA28A62002392B8 /* Repository */ = {
			isa = PBXGroup;
			children = (
				4B99D9F52AA3699D002392B8 /* CalendarEventsRepository.swift */,
				4B99D9F72AA36B18002392B8 /* WalksRepository.swift */,
				4BA03AF32AA606D700B15ABE /* UserRepository.swift */,
			);
			path = Repository;
			sourceTree = "<group>";
		};
		4B99D9F92AA36B57002392B8 /* Data */ = {
			isa = PBXGroup;
			children = (
				4B99D9FB2AA36B81002392B8 /* DataSource */,
				4B99D9FA2AA36B69002392B8 /* Repository */,
			);
			path = Data;
			sourceTree = "<group>";
		};
		4B99D9FA2AA36B69002392B8 /* Repository */ = {
			isa = PBXGroup;
			children = (
				4B2D821E2A95058500558031 /* WalksRepositoryImpl.swift */,
				4B2D824D2A989CC400558031 /* CalendarEventsRepositoryImpl.swift */,
				4BA03AF92AA6090C00B15ABE /* UserRepositoryImpl.swift */,
			);
			path = Repository;
			sourceTree = "<group>";
		};
		4B99D9FB2AA36B81002392B8 /* DataSource */ = {
			isa = PBXGroup;
			children = (
				4B99D9FD2AA36BAE002392B8 /* DB */,
				4B99D9FC2AA36BA7002392B8 /* GraphqQL */,
				4B99D9FE2AA36BF9002392B8 /* WalksDataSource.swift */,
				4B99DA012AA36C5C002392B8 /* CalendarEventsDataSource.swift */,
				4BA03AF52AA6070100B15ABE /* UserDataSource.swift */,
			);
			path = DataSource;
			sourceTree = "<group>";
		};
		4B99D9FC2AA36BA7002392B8 /* GraphqQL */ = {
			isa = PBXGroup;
			children = (
				4BCE46752A9F55EB009142D8 /* CalendarEventsGraphQLService.swift */,
				4BABA4D82AA08A80002F1880 /* WalksGraphQLImpl.swift */,
				4BCFCFB82A9DDAF8000E2802 /* SaiFastAPI+Extensions.swift */,
				4BA03AF72AA6072600B15ABE /* UserGraphQLImpl.swift */,
			);
			path = GraphqQL;
			sourceTree = "<group>";
		};
		4B99D9FD2AA36BAE002392B8 /* DB */ = {
			isa = PBXGroup;
			children = (
				4B99DA052AA37006002392B8 /* Entity */,
				4B2D821C2A94FFAF00558031 /* WalksDBImpl.swift */,
				4B2D82122A94F53800558031 /* Persistance.swift */,
			);
			path = DB;
			sourceTree = "<group>";
		};
		4B99DA032AA36D3F002392B8 /* Presentation */ = {
			isa = PBXGroup;
			children = (
				4B2D81AC2A94A9E600558031 /* Components */,
				4B2D81AD2A94A9ED00558031 /* Screens */,
				4B2D823E2A961BB000558031 /* ViewModels */,
				4BDE42622AA7C77F002F5BF2 /* Utils */,
				4B2D81C22A94AB9400558031 /* Navigation */,
			);
			path = Presentation;
			sourceTree = "<group>";
		};
		4B99DA052AA37006002392B8 /* Entity */ = {
			isa = PBXGroup;
			children = (
				4B99DA062AA37017002392B8 /* WalkCoreData+Extension.swift */,
			);
			path = Entity;
			sourceTree = "<group>";
		};
		4B9F4B972A93FF9700E8ECB5 = {
			isa = PBXGroup;
			children = (
				4BC477822A9CB092007CCF95 /* Packages */,
				4B2D82152A94F5F000558031 /* WalkCoreData+CoreDataProperties.swift */,
				4B9F4BA22A93FF9700E8ECB5 /* sai */,
				4B9F4BA12A93FF9700E8ECB5 /* Products */,
				4BC477842A9CB0AF007CCF95 /* Frameworks */,
			);
			sourceTree = "<group>";
		};
		4B9F4BA12A93FF9700E8ECB5 /* Products */ = {
			isa = PBXGroup;
			children = (
				4B9F4BA02A93FF9700E8ECB5 /* sai.app */,
			);
			name = Products;
			sourceTree = "<group>";
		};
		4B9F4BA22A93FF9700E8ECB5 /* sai */ = {
			isa = PBXGroup;
			children = (
				4B99DA032AA36D3F002392B8 /* Presentation */,
				4B99D9F92AA36B57002392B8 /* Data */,
				4B99D9F32AA27F14002392B8 /* Domain */,
				4B99D9F22AA27EB0002392B8 /* Core */,
				4B2D82352A960A7800558031 /* Protocols */,
				4B2D81AA2A94A9D800558031 /* Extensions */,
				4B9F4BA32A93FF9700E8ECB5 /* saiApp.swift */,
				4B9F4BA52A93FF9700E8ECB5 /* ContentView.swift */,
				4B2D81A92A94A8E200558031 /* Info.plist */,
				4B9F4BA72A93FF9900E8ECB5 /* Assets.xcassets */,
				4B9F4BAE2A93FF9900E8ECB5 /* sai.xcdatamodeld */,
				4B2D82202A95475E00558031 /* GoogleService-Info.plist */,
				4B9F4BA92A93FF9900E8ECB5 /* Preview Content */,
				4B89063C2AA5C554002E7BCB /* AppDelegate.swift */,
			);
			path = sai;
			sourceTree = "<group>";
		};
		4B9F4BA92A93FF9900E8ECB5 /* Preview Content */ = {
			isa = PBXGroup;
			children = (
				4B9F4BAA2A93FF9900E8ECB5 /* Preview Assets.xcassets */,
			);
			path = "Preview Content";
			sourceTree = "<group>";
		};
		4BABA4DA2AA1D13F002F1880 /* Components */ = {
			isa = PBXGroup;
			children = (
				4BABA4DB2AA1D160002F1880 /* CalendarEventItem.swift */,
			);
			path = Components;
			sourceTree = "<group>";
		};
		4BB6E3862A9D3D1100030B1E /* Component */ = {
			isa = PBXGroup;
			children = (
				4BB6E3872A9D401300030B1E /* WalkTimer.swift */,
			);
			path = Component;
			sourceTree = "<group>";
		};
		4BC477822A9CB092007CCF95 /* Packages */ = {
			isa = PBXGroup;
			children = (
				4BC477832A9CB092007CCF95 /* SaiFastAPI */,
			);
			name = Packages;
			sourceTree = "<group>";
		};
		4BC477842A9CB0AF007CCF95 /* Frameworks */ = {
			isa = PBXGroup;
			children = (
			);
			name = Frameworks;
			sourceTree = "<group>";
		};
		4BC477892A9CB254007CCF95 /* Network */ = {
			isa = PBXGroup;
			children = (
				4BC4778A2A9CB290007CCF95 /* Network.swift */,
				4BC4778C2A9CB47E007CCF95 /* AuthorizationInterceptor.swift */,
				4BC4778E2A9CD187007CCF95 /* NetworkInterceptorProvider.swift */,
			);
			path = Network;
			sourceTree = "<group>";
		};
		4BD94A6C2A9A256D00B268CF /* WalksScreen */ = {
			isa = PBXGroup;
			children = (
				4BB6E3862A9D3D1100030B1E /* Component */,
				4BD94A6D2A9A257A00B268CF /* WalksScreen.swift */,
			);
			path = WalksScreen;
			sourceTree = "<group>";
		};
		4BDE42622AA7C77F002F5BF2 /* Utils */ = {
			isa = PBXGroup;
			children = (
				4BDE42632AA7C7AF002F5BF2 /* ScreenPositionKey.swift */,
			);
			path = Utils;
			sourceTree = "<group>";
		};
/* End PBXGroup section */

/* Begin PBXNativeTarget section */
		4B9F4B9F2A93FF9700E8ECB5 /* sai */ = {
			isa = PBXNativeTarget;
			buildConfigurationList = 4B9F4BB32A93FF9900E8ECB5 /* Build configuration list for PBXNativeTarget "sai" */;
			buildPhases = (
				4B9F4B9C2A93FF9700E8ECB5 /* Sources */,
				4B9F4B9D2A93FF9700E8ECB5 /* Frameworks */,
				4B9F4B9E2A93FF9700E8ECB5 /* Resources */,
			);
			buildRules = (
			);
			dependencies = (
			);
			name = sai;
			packageProductDependencies = (
				4BD94A722A9C9CB100B268CF /* Apollo */,
				4BC477852A9CB0AF007CCF95 /* SaiFastAPI */,
				4B99D9F02AA20AE2002392B8 /* SwiftUIPager */,
				4B8906342AA5C53C002E7BCB /* FirebaseAuth */,
				4B8906362AA5C53C002E7BCB /* FirebaseFirestore */,
				4B8906382AA5C53C002E7BCB /* FirebaseFirestoreSwift */,
				4B89063A2AA5C53C002E7BCB /* FirebaseMessaging */,
				4B1BA26B2AA71EF50086A30A /* SwiftUIIntrospect */,
				4B7001BF2AA73A8E0039A5C2 /* BottomSheet */,
				4B8B801A2AAA0ACF00642FB5 /* Popovers */,
			);
			productName = sai;
			productReference = 4B9F4BA02A93FF9700E8ECB5 /* sai.app */;
			productType = "com.apple.product-type.application";
		};
/* End PBXNativeTarget section */

/* Begin PBXProject section */
		4B9F4B982A93FF9700E8ECB5 /* Project object */ = {
			isa = PBXProject;
			attributes = {
				BuildIndependentTargetsInParallel = 1;
				LastSwiftUpdateCheck = 1430;
				LastUpgradeCheck = 1430;
				TargetAttributes = {
					4B9F4B9F2A93FF9700E8ECB5 = {
						CreatedOnToolsVersion = 14.3.1;
					};
				};
			};
			buildConfigurationList = 4B9F4B9B2A93FF9700E8ECB5 /* Build configuration list for PBXProject "sai" */;
			compatibilityVersion = "Xcode 14.0";
			developmentRegion = en;
			hasScannedForEncodings = 0;
			knownRegions = (
				en,
				Base,
			);
			mainGroup = 4B9F4B972A93FF9700E8ECB5;
			packageReferences = (
				4BD94A712A9C9CB100B268CF /* XCRemoteSwiftPackageReference "apollo-ios" */,
				4B99D9EF2AA20AE2002392B8 /* XCRemoteSwiftPackageReference "SwiftUIPager" */,
				4B8906332AA5C53C002E7BCB /* XCRemoteSwiftPackageReference "firebase-ios-sdk" */,
				4B1BA26A2AA71EF50086A30A /* XCRemoteSwiftPackageReference "swiftui-introspect" */,
				4B7001BE2AA73A8D0039A5C2 /* XCRemoteSwiftPackageReference "BottomSheet" */,
				4B8B80192AAA0ACF00642FB5 /* XCRemoteSwiftPackageReference "Popovers" */,
			);
			productRefGroup = 4B9F4BA12A93FF9700E8ECB5 /* Products */;
			projectDirPath = "";
			projectRoot = "";
			targets = (
				4B9F4B9F2A93FF9700E8ECB5 /* sai */,
			);
		};
/* End PBXProject section */

/* Begin PBXResourcesBuildPhase section */
		4B9F4B9E2A93FF9700E8ECB5 /* Resources */ = {
			isa = PBXResourcesBuildPhase;
			buildActionMask = 2147483647;
			files = (
				4B2D82212A95475F00558031 /* GoogleService-Info.plist in Resources */,
				4B2D81BB2A94AA3E00558031 /* Inter-Medium.otf in Resources */,
				4B9F4BAB2A93FF9900E8ECB5 /* Preview Assets.xcassets in Resources */,
				4B2D81BA2A94AA3E00558031 /* Inter-Light.otf in Resources */,
				4B2D81B92A94AA3E00558031 /* Inter-Regular.otf in Resources */,
				4B9F4BA82A93FF9900E8ECB5 /* Assets.xcassets in Resources */,
				4B2D81B72A94AA3E00558031 /* Inter-Bold.otf in Resources */,
				4B2D81B82A94AA3E00558031 /* Inter-SemiBold.otf in Resources */,
			);
			runOnlyForDeploymentPostprocessing = 0;
		};
/* End PBXResourcesBuildPhase section */

/* Begin PBXSourcesBuildPhase section */
		4B9F4B9C2A93FF9700E8ECB5 /* Sources */ = {
			isa = PBXSourcesBuildPhase;
			buildActionMask = 2147483647;
			files = (
				4B2D81B12A94AA1900558031 /* Color+HEX.swift in Sources */,
				4B99DA072AA37017002392B8 /* WalkCoreData+Extension.swift in Sources */,
				4B2D82172A94F5F000558031 /* WalkCoreData+CoreDataProperties.swift in Sources */,
				4BD94A6E2A9A257A00B268CF /* WalksScreen.swift in Sources */,
				4B2D81C12A94AAE800558031 /* MapView.swift in Sources */,
				4B2D82192A94F77A00558031 /* TestScreen.swift in Sources */,
				4B82BE262AA918D1005383B6 /* YourPetWidget.swift in Sources */,
				4BCFCFB92A9DDAF8000E2802 /* SaiFastAPI+Extensions.swift in Sources */,
				4B2380E02AA8AC5800D4D181 /* CGFloar+Extension.swift in Sources */,
				4B2D82502A98A20A00558031 /* Date+Extension.swift in Sources */,
				4B8192562A994F530002D953 /* CreateEventScreen.swift in Sources */,
				4B8906422AA5C884002E7BCB /* LoadingAppView.swift in Sources */,
				4BABA4DC2AA1D160002F1880 /* CalendarEventItem.swift in Sources */,
				4B99D9FF2AA36BF9002392B8 /* WalksDataSource.swift in Sources */,
				4B9F4BB02A93FF9900E8ECB5 /* sai.xcdatamodeld in Sources */,
				4BD94A702A9A285800B268CF /* WalksScreenViewModel.swift in Sources */,
				4B9F4BA62A93FF9700E8ECB5 /* ContentView.swift in Sources */,
				4B89063D2AA5C554002E7BCB /* AppDelegate.swift in Sources */,
				4BC4778B2A9CB290007CCF95 /* Network.swift in Sources */,
				4B82BE222AA8ECAF005383B6 /* AllTab.swift in Sources */,
				4B99DA092AA37271002392B8 /* WalkAnalytic.swift in Sources */,
				4B2D81D02A94B7C200558031 /* Walk.swift in Sources */,
				4BA03AF02AA605F600B15ABE /* UserModel.swift in Sources */,
				4B99D9EE2AA1E3FB002392B8 /* TimeInterval+Extensions.swift in Sources */,
				4B5562B62AAA1D5A005017CA /* ActivityTab.swift in Sources */,
				4B82BE1F2AA8B0B3005383B6 /* FiltersRow.swift in Sources */,
				4BA03AEC2AA5D15E00B15ABE /* AuthService.swift in Sources */,
				4BA03AFA2AA6090C00B15ABE /* UserRepositoryImpl.swift in Sources */,
				4BA03AF62AA6070100B15ABE /* UserDataSource.swift in Sources */,
				4B82BE282AA91D21005383B6 /* MealPlanWidget.swift in Sources */,
				4B2D82132A94F53800558031 /* Persistance.swift in Sources */,
				4B2D824A2A9899F300558031 /* CalendarEvent.swift in Sources */,
				4B99D9F82AA36B18002392B8 /* WalksRepository.swift in Sources */,
				4B2D81C42A94ABA900558031 /* NavigationController.swift in Sources */,
				4BA03AF82AA6072600B15ABE /* UserGraphQLImpl.swift in Sources */,
				4BCC39D62AA7BBB400306629 /* HomeScreen.swift in Sources */,
				4B2D81D42A94DDA000558031 /* Location.swift in Sources */,
				4B2D81CD2A94B6BB00558031 /* LocationService.swift in Sources */,
				4BC4778F2A9CD187007CCF95 /* NetworkInterceptorProvider.swift in Sources */,
				4B2D82552A98EA5A00558031 /* UIApplication+Extension.swift in Sources */,
				4B99DA022AA36C5C002392B8 /* CalendarEventsDataSource.swift in Sources */,
				4B99D9F62AA3699D002392B8 /* CalendarEventsRepository.swift in Sources */,
				4BCE46732A9ED85E009142D8 /* ApolloClient+Extensions.swift in Sources */,
				4B8B80182AA9BF5B00642FB5 /* CheckFeelingWidget.swift in Sources */,
				4B2D82392A960AD100558031 /* Errors.swift in Sources */,
				4BB6E3882A9D401300030B1E /* WalkTimer.swift in Sources */,
				4B2D824E2A989CC400558031 /* CalendarEventsRepositoryImpl.swift in Sources */,
				4B2D81AF2A94A9FA00558031 /* View+Extensions.swift in Sources */,
				4BA03AEE2AA5D1FB00B15ABE /* AuthUser.swift in Sources */,
				4B2D82442A9629F200558031 /* CalendarWidget.swift in Sources */,
				4BCE46762A9F55EB009142D8 /* CalendarEventsGraphQLService.swift in Sources */,
				4B2D82572A98EED300558031 /* CalendarScreenViewModel.swift in Sources */,
				4B2D821D2A94FFAF00558031 /* WalksDBImpl.swift in Sources */,
				4B2380E22AA8ADC500D4D181 /* AdaptivePagingScrollView.swift in Sources */,
				4B2D81D62A94E57400558031 /* ActiveWalkService.swift in Sources */,
				4B2D81BF2A94AA9B00558031 /* ButtonStyles.swift in Sources */,
				4B2D81BD2A94AA6F00558031 /* Typography.swift in Sources */,
				4BC4778D2A9CB47E007CCF95 /* AuthorizationInterceptor.swift in Sources */,
				4BA03AF42AA606D700B15ABE /* UserRepository.swift in Sources */,
				4B2D82532A98A4DE00558031 /* CalendarScreen.swift in Sources */,
				4B2D82402A961BC300558031 /* HomeScreenViewModel.swift in Sources */,
				4B2D821F2A95058500558031 /* WalksRepositoryImpl.swift in Sources */,
				4B2D82462A96352400558031 /* TripsWidget.swift in Sources */,
				4BDE42662AA89992002F5BF2 /* AnimatedHeader.swift in Sources */,
				4B9F4BA42A93FF9700E8ECB5 /* saiApp.swift in Sources */,
				4BA03AF22AA6064C00B15ABE /* DogModel.swift in Sources */,
				4B8906402AA5C5D4002E7BCB /* SignInScreen.swift in Sources */,
				4B8B80162AA9BA0000642FB5 /* TasksTab.swift in Sources */,
				4BABA4D92AA08A80002F1880 /* WalksGraphQLImpl.swift in Sources */,
				4B8192532A98F2A10002D953 /* UINavigationController+Extension.swift in Sources */,
				4BDE42642AA7C7AF002F5BF2 /* ScreenPositionKey.swift in Sources */,
			);
			runOnlyForDeploymentPostprocessing = 0;
		};
/* End PBXSourcesBuildPhase section */

/* Begin XCBuildConfiguration section */
		4B9F4BB12A93FF9900E8ECB5 /* Debug */ = {
			isa = XCBuildConfiguration;
			buildSettings = {
				ALWAYS_SEARCH_USER_PATHS = NO;
				CLANG_ANALYZER_NONNULL = YES;
				CLANG_ANALYZER_NUMBER_OBJECT_CONVERSION = YES_AGGRESSIVE;
				CLANG_CXX_LANGUAGE_STANDARD = "gnu++20";
				CLANG_ENABLE_MODULES = YES;
				CLANG_ENABLE_OBJC_ARC = YES;
				CLANG_ENABLE_OBJC_WEAK = YES;
				CLANG_WARN_BLOCK_CAPTURE_AUTORELEASING = YES;
				CLANG_WARN_BOOL_CONVERSION = YES;
				CLANG_WARN_COMMA = YES;
				CLANG_WARN_CONSTANT_CONVERSION = YES;
				CLANG_WARN_DEPRECATED_OBJC_IMPLEMENTATIONS = YES;
				CLANG_WARN_DIRECT_OBJC_ISA_USAGE = YES_ERROR;
				CLANG_WARN_DOCUMENTATION_COMMENTS = YES;
				CLANG_WARN_EMPTY_BODY = YES;
				CLANG_WARN_ENUM_CONVERSION = YES;
				CLANG_WARN_INFINITE_RECURSION = YES;
				CLANG_WARN_INT_CONVERSION = YES;
				CLANG_WARN_NON_LITERAL_NULL_CONVERSION = YES;
				CLANG_WARN_OBJC_IMPLICIT_RETAIN_SELF = YES;
				CLANG_WARN_OBJC_LITERAL_CONVERSION = YES;
				CLANG_WARN_OBJC_ROOT_CLASS = YES_ERROR;
				CLANG_WARN_QUOTED_INCLUDE_IN_FRAMEWORK_HEADER = YES;
				CLANG_WARN_RANGE_LOOP_ANALYSIS = YES;
				CLANG_WARN_STRICT_PROTOTYPES = YES;
				CLANG_WARN_SUSPICIOUS_MOVE = YES;
				CLANG_WARN_UNGUARDED_AVAILABILITY = YES_AGGRESSIVE;
				CLANG_WARN_UNREACHABLE_CODE = YES;
				CLANG_WARN__DUPLICATE_METHOD_MATCH = YES;
				COPY_PHASE_STRIP = NO;
				DEBUG_INFORMATION_FORMAT = dwarf;
				ENABLE_STRICT_OBJC_MSGSEND = YES;
				ENABLE_TESTABILITY = YES;
				GCC_C_LANGUAGE_STANDARD = gnu11;
				GCC_DYNAMIC_NO_PIC = NO;
				GCC_NO_COMMON_BLOCKS = YES;
				GCC_OPTIMIZATION_LEVEL = 0;
				GCC_PREPROCESSOR_DEFINITIONS = (
					"DEBUG=1",
					"$(inherited)",
				);
				GCC_WARN_64_TO_32_BIT_CONVERSION = YES;
				GCC_WARN_ABOUT_RETURN_TYPE = YES_ERROR;
				GCC_WARN_UNDECLARED_SELECTOR = YES;
				GCC_WARN_UNINITIALIZED_AUTOS = YES_AGGRESSIVE;
				GCC_WARN_UNUSED_FUNCTION = YES;
				GCC_WARN_UNUSED_VARIABLE = YES;
				IPHONEOS_DEPLOYMENT_TARGET = 16.4;
				MTL_ENABLE_DEBUG_INFO = INCLUDE_SOURCE;
				MTL_FAST_MATH = YES;
				ONLY_ACTIVE_ARCH = YES;
				SDKROOT = iphoneos;
				SWIFT_ACTIVE_COMPILATION_CONDITIONS = DEBUG;
				SWIFT_OPTIMIZATION_LEVEL = "-Onone";
			};
			name = Debug;
		};
		4B9F4BB22A93FF9900E8ECB5 /* Release */ = {
			isa = XCBuildConfiguration;
			buildSettings = {
				ALWAYS_SEARCH_USER_PATHS = NO;
				CLANG_ANALYZER_NONNULL = YES;
				CLANG_ANALYZER_NUMBER_OBJECT_CONVERSION = YES_AGGRESSIVE;
				CLANG_CXX_LANGUAGE_STANDARD = "gnu++20";
				CLANG_ENABLE_MODULES = YES;
				CLANG_ENABLE_OBJC_ARC = YES;
				CLANG_ENABLE_OBJC_WEAK = YES;
				CLANG_WARN_BLOCK_CAPTURE_AUTORELEASING = YES;
				CLANG_WARN_BOOL_CONVERSION = YES;
				CLANG_WARN_COMMA = YES;
				CLANG_WARN_CONSTANT_CONVERSION = YES;
				CLANG_WARN_DEPRECATED_OBJC_IMPLEMENTATIONS = YES;
				CLANG_WARN_DIRECT_OBJC_ISA_USAGE = YES_ERROR;
				CLANG_WARN_DOCUMENTATION_COMMENTS = YES;
				CLANG_WARN_EMPTY_BODY = YES;
				CLANG_WARN_ENUM_CONVERSION = YES;
				CLANG_WARN_INFINITE_RECURSION = YES;
				CLANG_WARN_INT_CONVERSION = YES;
				CLANG_WARN_NON_LITERAL_NULL_CONVERSION = YES;
				CLANG_WARN_OBJC_IMPLICIT_RETAIN_SELF = YES;
				CLANG_WARN_OBJC_LITERAL_CONVERSION = YES;
				CLANG_WARN_OBJC_ROOT_CLASS = YES_ERROR;
				CLANG_WARN_QUOTED_INCLUDE_IN_FRAMEWORK_HEADER = YES;
				CLANG_WARN_RANGE_LOOP_ANALYSIS = YES;
				CLANG_WARN_STRICT_PROTOTYPES = YES;
				CLANG_WARN_SUSPICIOUS_MOVE = YES;
				CLANG_WARN_UNGUARDED_AVAILABILITY = YES_AGGRESSIVE;
				CLANG_WARN_UNREACHABLE_CODE = YES;
				CLANG_WARN__DUPLICATE_METHOD_MATCH = YES;
				COPY_PHASE_STRIP = NO;
				DEBUG_INFORMATION_FORMAT = "dwarf-with-dsym";
				ENABLE_NS_ASSERTIONS = NO;
				ENABLE_STRICT_OBJC_MSGSEND = YES;
				GCC_C_LANGUAGE_STANDARD = gnu11;
				GCC_NO_COMMON_BLOCKS = YES;
				GCC_WARN_64_TO_32_BIT_CONVERSION = YES;
				GCC_WARN_ABOUT_RETURN_TYPE = YES_ERROR;
				GCC_WARN_UNDECLARED_SELECTOR = YES;
				GCC_WARN_UNINITIALIZED_AUTOS = YES_AGGRESSIVE;
				GCC_WARN_UNUSED_FUNCTION = YES;
				GCC_WARN_UNUSED_VARIABLE = YES;
				IPHONEOS_DEPLOYMENT_TARGET = 16.4;
				MTL_ENABLE_DEBUG_INFO = NO;
				MTL_FAST_MATH = YES;
				SDKROOT = iphoneos;
				SWIFT_COMPILATION_MODE = wholemodule;
				SWIFT_OPTIMIZATION_LEVEL = "-O";
				VALIDATE_PRODUCT = YES;
			};
			name = Release;
		};
		4B9F4BB42A93FF9900E8ECB5 /* Debug */ = {
			isa = XCBuildConfiguration;
			buildSettings = {
				ASSETCATALOG_COMPILER_APPICON_NAME = AppIcon;
				ASSETCATALOG_COMPILER_GLOBAL_ACCENT_COLOR_NAME = AccentColor;
				CODE_SIGN_STYLE = Automatic;
				CURRENT_PROJECT_VERSION = 1;
				DEVELOPMENT_ASSET_PATHS = "\"sai/Preview Content\"";
				ENABLE_PREVIEWS = YES;
				GENERATE_INFOPLIST_FILE = YES;
				INFOPLIST_FILE = sai/Info.plist;
				INFOPLIST_KEY_NSLocationAlwaysAndWhenInUseUsageDescription = "To track your walkings";
				INFOPLIST_KEY_NSLocationWhenInUseUsageDescription = "To track your walkings";
				INFOPLIST_KEY_UIApplicationSceneManifest_Generation = YES;
				INFOPLIST_KEY_UIApplicationSupportsIndirectInputEvents = YES;
				INFOPLIST_KEY_UILaunchScreen_Generation = YES;
				INFOPLIST_KEY_UISupportedInterfaceOrientations = UIInterfaceOrientationPortrait;
				LD_RUNPATH_SEARCH_PATHS = (
					"$(inherited)",
					"@executable_path/Frameworks",
				);
				MARKETING_VERSION = 0.1;
				PRODUCT_BUNDLE_IDENTIFIER = nick.projects.sai;
				PRODUCT_NAME = "$(TARGET_NAME)";
				SUPPORTED_PLATFORMS = "iphoneos iphonesimulator";
				SUPPORTS_MACCATALYST = NO;
				SUPPORTS_MAC_DESIGNED_FOR_IPHONE_IPAD = NO;
				SWIFT_EMIT_LOC_STRINGS = YES;
				SWIFT_VERSION = 5.0;
				TARGETED_DEVICE_FAMILY = 1;
			};
			name = Debug;
		};
		4B9F4BB52A93FF9900E8ECB5 /* Release */ = {
			isa = XCBuildConfiguration;
			buildSettings = {
				ASSETCATALOG_COMPILER_APPICON_NAME = AppIcon;
				ASSETCATALOG_COMPILER_GLOBAL_ACCENT_COLOR_NAME = AccentColor;
				CODE_SIGN_STYLE = Automatic;
				CURRENT_PROJECT_VERSION = 1;
				DEVELOPMENT_ASSET_PATHS = "\"sai/Preview Content\"";
				ENABLE_PREVIEWS = YES;
				GENERATE_INFOPLIST_FILE = YES;
				INFOPLIST_FILE = sai/Info.plist;
				INFOPLIST_KEY_NSLocationAlwaysAndWhenInUseUsageDescription = "To track your walkings";
				INFOPLIST_KEY_NSLocationWhenInUseUsageDescription = "To track your walkings";
				INFOPLIST_KEY_UIApplicationSceneManifest_Generation = YES;
				INFOPLIST_KEY_UIApplicationSupportsIndirectInputEvents = YES;
				INFOPLIST_KEY_UILaunchScreen_Generation = YES;
				INFOPLIST_KEY_UISupportedInterfaceOrientations = UIInterfaceOrientationPortrait;
				LD_RUNPATH_SEARCH_PATHS = (
					"$(inherited)",
					"@executable_path/Frameworks",
				);
				MARKETING_VERSION = 0.1;
				PRODUCT_BUNDLE_IDENTIFIER = nick.projects.sai;
				PRODUCT_NAME = "$(TARGET_NAME)";
				SUPPORTED_PLATFORMS = "iphoneos iphonesimulator";
				SUPPORTS_MACCATALYST = NO;
				SUPPORTS_MAC_DESIGNED_FOR_IPHONE_IPAD = NO;
				SWIFT_EMIT_LOC_STRINGS = YES;
				SWIFT_VERSION = 5.0;
				TARGETED_DEVICE_FAMILY = 1;
			};
			name = Release;
		};
/* End XCBuildConfiguration section */

/* Begin XCConfigurationList section */
		4B9F4B9B2A93FF9700E8ECB5 /* Build configuration list for PBXProject "sai" */ = {
			isa = XCConfigurationList;
			buildConfigurations = (
				4B9F4BB12A93FF9900E8ECB5 /* Debug */,
				4B9F4BB22A93FF9900E8ECB5 /* Release */,
			);
			defaultConfigurationIsVisible = 0;
			defaultConfigurationName = Release;
		};
		4B9F4BB32A93FF9900E8ECB5 /* Build configuration list for PBXNativeTarget "sai" */ = {
			isa = XCConfigurationList;
			buildConfigurations = (
				4B9F4BB42A93FF9900E8ECB5 /* Debug */,
				4B9F4BB52A93FF9900E8ECB5 /* Release */,
			);
			defaultConfigurationIsVisible = 0;
			defaultConfigurationName = Release;
		};
/* End XCConfigurationList section */

/* Begin XCRemoteSwiftPackageReference section */
		4B1BA26A2AA71EF50086A30A /* XCRemoteSwiftPackageReference "swiftui-introspect" */ = {
			isa = XCRemoteSwiftPackageReference;
			repositoryURL = "https://github.com/siteline/swiftui-introspect";
			requirement = {
				kind = upToNextMajorVersion;
				minimumVersion = 0.12.0;
			};
		};
		4B7001BE2AA73A8D0039A5C2 /* XCRemoteSwiftPackageReference "BottomSheet" */ = {
			isa = XCRemoteSwiftPackageReference;
			repositoryURL = "https://github.com/lucaszischka/BottomSheet";
			requirement = {
				kind = upToNextMajorVersion;
				minimumVersion = 3.0.0;
			};
		};
		4B8906332AA5C53C002E7BCB /* XCRemoteSwiftPackageReference "firebase-ios-sdk" */ = {
			isa = XCRemoteSwiftPackageReference;
			repositoryURL = "https://github.com/firebase/firebase-ios-sdk";
			requirement = {
				kind = upToNextMajorVersion;
				minimumVersion = 10.0.0;
			};
		};
		4B8B80192AAA0ACF00642FB5 /* XCRemoteSwiftPackageReference "Popovers" */ = {
			isa = XCRemoteSwiftPackageReference;
			repositoryURL = "https://github.com/aheze/Popovers";
			requirement = {
				kind = upToNextMajorVersion;
				minimumVersion = 1.0.0;
			};
		};
		4B99D9EF2AA20AE2002392B8 /* XCRemoteSwiftPackageReference "SwiftUIPager" */ = {
			isa = XCRemoteSwiftPackageReference;
			repositoryURL = "https://github.com/fermoya/SwiftUIPager.git";
			requirement = {
				kind = upToNextMajorVersion;
				minimumVersion = 2.0.0;
			};
		};
		4BD94A712A9C9CB100B268CF /* XCRemoteSwiftPackageReference "apollo-ios" */ = {
			isa = XCRemoteSwiftPackageReference;
			repositoryURL = "https://github.com/apollographql/apollo-ios.git";
			requirement = {
				kind = upToNextMajorVersion;
				minimumVersion = 1.0.0;
			};
		};
/* End XCRemoteSwiftPackageReference section */

/* Begin XCSwiftPackageProductDependency section */
		4B1BA26B2AA71EF50086A30A /* SwiftUIIntrospect */ = {
			isa = XCSwiftPackageProductDependency;
			package = 4B1BA26A2AA71EF50086A30A /* XCRemoteSwiftPackageReference "swiftui-introspect" */;
			productName = SwiftUIIntrospect;
		};
		4B7001BF2AA73A8E0039A5C2 /* BottomSheet */ = {
			isa = XCSwiftPackageProductDependency;
			package = 4B7001BE2AA73A8D0039A5C2 /* XCRemoteSwiftPackageReference "BottomSheet" */;
			productName = BottomSheet;
		};
		4B8906342AA5C53C002E7BCB /* FirebaseAuth */ = {
			isa = XCSwiftPackageProductDependency;
			package = 4B8906332AA5C53C002E7BCB /* XCRemoteSwiftPackageReference "firebase-ios-sdk" */;
			productName = FirebaseAuth;
		};
		4B8906362AA5C53C002E7BCB /* FirebaseFirestore */ = {
			isa = XCSwiftPackageProductDependency;
			package = 4B8906332AA5C53C002E7BCB /* XCRemoteSwiftPackageReference "firebase-ios-sdk" */;
			productName = FirebaseFirestore;
		};
		4B8906382AA5C53C002E7BCB /* FirebaseFirestoreSwift */ = {
			isa = XCSwiftPackageProductDependency;
			package = 4B8906332AA5C53C002E7BCB /* XCRemoteSwiftPackageReference "firebase-ios-sdk" */;
			productName = FirebaseFirestoreSwift;
		};
		4B89063A2AA5C53C002E7BCB /* FirebaseMessaging */ = {
			isa = XCSwiftPackageProductDependency;
			package = 4B8906332AA5C53C002E7BCB /* XCRemoteSwiftPackageReference "firebase-ios-sdk" */;
			productName = FirebaseMessaging;
		};
		4B8B801A2AAA0ACF00642FB5 /* Popovers */ = {
			isa = XCSwiftPackageProductDependency;
			package = 4B8B80192AAA0ACF00642FB5 /* XCRemoteSwiftPackageReference "Popovers" */;
			productName = Popovers;
		};
		4B99D9F02AA20AE2002392B8 /* SwiftUIPager */ = {
			isa = XCSwiftPackageProductDependency;
			package = 4B99D9EF2AA20AE2002392B8 /* XCRemoteSwiftPackageReference "SwiftUIPager" */;
			productName = SwiftUIPager;
		};
		4BC477852A9CB0AF007CCF95 /* SaiFastAPI */ = {
			isa = XCSwiftPackageProductDependency;
			productName = SaiFastAPI;
		};
		4BD94A722A9C9CB100B268CF /* Apollo */ = {
			isa = XCSwiftPackageProductDependency;
			package = 4BD94A712A9C9CB100B268CF /* XCRemoteSwiftPackageReference "apollo-ios" */;
			productName = Apollo;
		};
/* End XCSwiftPackageProductDependency section */

/* Begin XCVersionGroup section */
		4B9F4BAE2A93FF9900E8ECB5 /* sai.xcdatamodeld */ = {
			isa = XCVersionGroup;
			children = (
				4B9F4BAF2A93FF9900E8ECB5 /* sai.xcdatamodel */,
			);
			currentVersion = 4B9F4BAF2A93FF9900E8ECB5 /* sai.xcdatamodel */;
			path = sai.xcdatamodeld;
			sourceTree = "<group>";
			versionGroupType = wrapper.xcdatamodel;
		};
/* End XCVersionGroup section */
	};
	rootObject = 4B9F4B982A93FF9700E8ECB5 /* Project object */;
}
